<?xml version="1.0" encoding="utf-8"?>
<Project ToolsVersion="4.0" xmlns="http://schemas.microsoft.com/developer/msbuild/2003">
  <ItemGroup>
    <Filter Include="Source Files">
      <UniqueIdentifier>{4FC737F1-C7A5-4376-A066-2A32D752A2FF}</UniqueIdentifier>
      <Extensions>cpp;c;cc;cxx;def;odl;idl;hpj;bat;asm;asmx</Extensions>
    </Filter>
    <Filter Include="Header Files">
      <UniqueIdentifier>{93995380-89BD-4b04-88EB-625FBE52EBFB}</UniqueIdentifier>
      <Extensions>h;hh;hpp;hxx;hm;inl;inc;xsd</Extensions>
    </Filter>
    <Filter Include="Resource Files">
      <UniqueIdentifier>{67DA6AB6-F800-4c08-8B7A-83BB121AAD01}</UniqueIdentifier>
      <Extensions>rc;ico;cur;bmp;dlg;rc2;rct;bin;rgs;gif;jpg;jpeg;jpe;resx;tiff;tif;png;wav</Extensions>
    </Filter>
  </ItemGroup>
  <ItemGroup>
    <ClCompile Include="..\..\openbor.c">
      <Filter>Source Files</Filter>
    </ClCompile>
    <ClCompile Include="..\..\openborscript.c">
      <Filter>Source Files</Filter>
    </ClCompile>
    <ClCompile Include="..\..\android\jni\openbor\jniutils.cpp">
      <Filter>Source Files</Filter>
    </ClCompile>
    <ClCompile Include="..\..\android\jni\openbor\SDL_android_main.cpp">
      <Filter>Source Files</Filter>
    </ClCompile>
    <ClCompile Include="..\..\android\jni\openbor\video.c">
      <Filter>Source Files</Filter>
    </ClCompile>
    <ClCompile Include="..\..\dc\control.c">
      <Filter>Source Files</Filter>
    </ClCompile>
    <ClCompile Include="..\..\dc\dcport.c">
      <Filter>Source Files</Filter>
    </ClCompile>
    <ClCompile Include="..\..\dc\gdrom.c">
      <Filter>Source Files</Filter>
    </ClCompile>
    <ClCompile Include="..\..\dc\sblaster.c">
      <Filter>Source Files</Filter>
    </ClCompile>
    <ClCompile Include="..\..\dc\timer.c">
      <Filter>Source Files</Filter>
    </ClCompile>
    <ClCompile Include="..\..\dc\video.c">
      <Filter>Source Files</Filter>
    </ClCompile>
    <ClCompile Include="..\..\psp\audiodrv.c">
      <Filter>Source Files</Filter>
    </ClCompile>
    <ClCompile Include="..\..\psp\control.c">
      <Filter>Source Files</Filter>
    </ClCompile>
    <ClCompile Include="..\..\psp\graphics.c">
      <Filter>Source Files</Filter>
    </ClCompile>
    <ClCompile Include="..\..\psp\hankaku.c">
      <Filter>Source Files</Filter>
    </ClCompile>
    <ClCompile Include="..\..\psp\image.c">
      <Filter>Source Files</Filter>
    </ClCompile>
    <ClCompile Include="..\..\psp\menu.c">
      <Filter>Source Files</Filter>
    </ClCompile>
    <ClCompile Include="..\..\psp\netcomm.c">
      <Filter>Source Files</Filter>
    </ClCompile>
    <ClCompile Include="..\..\psp\pspport.c">
      <Filter>Source Files</Filter>
    </ClCompile>
    <ClCompile Include="..\..\psp\sblaster.c">
      <Filter>Source Files</Filter>
    </ClCompile>
    <ClCompile Include="..\..\psp\timer.c">
      <Filter>Source Files</Filter>
    </ClCompile>
    <ClCompile Include="..\..\psp\vertex.c">
      <Filter>Source Files</Filter>
    </ClCompile>
    <ClCompile Include="..\..\psp\video.c">
      <Filter>Source Files</Filter>
    </ClCompile>
    <ClCompile Include="..\..\psp\control\main.c">
      <Filter>Source Files</Filter>
    </ClCompile>
    <ClCompile Include="..\..\psp\exception\main.c">
      <Filter>Source Files</Filter>
    </ClCompile>
    <ClCompile Include="..\..\psp\kernel\main.c">
      <Filter>Source Files</Filter>
    </ClCompile>
    <ClCompile Include="..\..\sdl\control.c">
      <Filter>Source Files</Filter>
    </ClCompile>
    <ClCompile Include="..\..\sdl\joysticks.c">
      <Filter>Source Files</Filter>
    </ClCompile>
    <ClCompile Include="..\..\sdl\loadgl.c">
      <Filter>Source Files</Filter>
    </ClCompile>
    <ClCompile Include="..\..\sdl\menu.c">
      <Filter>Source Files</Filter>
    </ClCompile>
    <ClCompile Include="..\..\sdl\opengl.c">
      <Filter>Source Files</Filter>
    </ClCompile>
    <ClCompile Include="..\..\sdl\sblaster.c">
      <Filter>Source Files</Filter>
    </ClCompile>
    <ClCompile Include="..\..\sdl\sdlport.c">
      <Filter>Source Files</Filter>
    </ClCompile>
    <ClCompile Include="..\..\sdl\threads.c">
      <Filter>Source Files</Filter>
    </ClCompile>
    <ClCompile Include="..\..\sdl\timer.c">
      <Filter>Source Files</Filter>
    </ClCompile>
    <ClCompile Include="..\..\sdl\video.c">
      <Filter>Source Files</Filter>
    </ClCompile>
    <ClCompile Include="..\..\sdl\videocommon.c">
      <Filter>Source Files</Filter>
    </ClCompile>
    <ClCompile Include="..\..\sdl\gp2x\gp2xport.c">
      <Filter>Source Files</Filter>
    </ClCompile>
    <ClCompile Include="..\..\source\omath.c">
      <Filter>Source Files</Filter>
    </ClCompile>
    <ClCompile Include="..\..\source\stringptr.c">
      <Filter>Source Files</Filter>
    </ClCompile>
    <ClCompile Include="..\..\source\stristr.c">
      <Filter>Source Files</Filter>
    </ClCompile>
    <ClCompile Include="..\..\source\utils.c">
      <Filter>Source Files</Filter>
    </ClCompile>
    <ClCompile Include="..\..\source\adpcmlib\adpcm.c">
      <Filter>Source Files</Filter>
    </ClCompile>
    <ClCompile Include="..\..\source\gamelib\anigif.c">
      <Filter>Source Files</Filter>
    </ClCompile>
    <ClCompile Include="..\..\source\gamelib\bitmap.c">
      <Filter>Source Files</Filter>
    </ClCompile>
    <ClCompile Include="..\..\source\gamelib\draw.c">
      <Filter>Source Files</Filter>
    </ClCompile>
    <ClCompile Include="..\..\source\gamelib\draw16.c">
      <Filter>Source Files</Filter>
    </ClCompile>
    <ClCompile Include="..\..\source\gamelib\draw32.c">
      <Filter>Source Files</Filter>
    </ClCompile>
    <ClCompile Include="..\..\source\gamelib\filecache.c">
      <Filter>Source Files</Filter>
    </ClCompile>
    <ClCompile Include="..\..\source\gamelib\filters.c">
      <Filter>Source Files</Filter>
    </ClCompile>
    <ClCompile Include="..\..\source\gamelib\font.c">
      <Filter>Source Files</Filter>
    </ClCompile>
    <ClCompile Include="..\..\source\gamelib\loadimg.c">
      <Filter>Source Files</Filter>
    </ClCompile>
    <ClCompile Include="..\..\source\gamelib\models.c">
      <Filter>Source Files</Filter>
    </ClCompile>
    <ClCompile Include="..\..\source\gamelib\packfile.c">
      <Filter>Source Files</Filter>
    </ClCompile>
    <ClCompile Include="..\..\source\gamelib\palette.c">
      <Filter>Source Files</Filter>
    </ClCompile>
    <ClCompile Include="..\..\source\gamelib\pixelformat.c">
      <Filter>Source Files</Filter>
    </ClCompile>
    <ClCompile Include="..\..\source\gamelib\screen.c">
      <Filter>Source Files</Filter>
    </ClCompile>
    <ClCompile Include="..\..\source\gamelib\screen16.c">
      <Filter>Source Files</Filter>
    </ClCompile>
    <ClCompile Include="..\..\source\gamelib\screen32.c">
      <Filter>Source Files</Filter>
    </ClCompile>
    <ClCompile Include="..\..\source\gamelib\soundmix.c">
      <Filter>Source Files</Filter>
    </ClCompile>
    <ClCompile Include="..\..\source\gamelib\sprite.c">
      <Filter>Source Files</Filter>
    </ClCompile>
    <ClCompile Include="..\..\source\gamelib\spriteq.c">
      <Filter>Source Files</Filter>
    </ClCompile>
    <ClCompile Include="..\..\source\gamelib\spritex8p16.c">
      <Filter>Source Files</Filter>
    </ClCompile>
    <ClCompile Include="..\..\source\gamelib\spritex8p32.c">
      <Filter>Source Files</Filter>
    </ClCompile>
    <ClCompile Include="..\..\source\gamelib\transform.c">
      <Filter>Source Files</Filter>
    </ClCompile>
    <ClCompile Include="..\..\source\gamelib\translation.c">
      <Filter>Source Files</Filter>
    </ClCompile>
    <ClCompile Include="..\..\source\gfxlib\2xSaI.c">
      <Filter>Source Files</Filter>
    </ClCompile>
    <ClCompile Include="..\..\source\gfxlib\bilinear.c">
      <Filter>Source Files</Filter>
    </ClCompile>
    <ClCompile Include="..\..\source\gfxlib\dotmatrix.c">
      <Filter>Source Files</Filter>
    </ClCompile>
    <ClCompile Include="..\..\source\gfxlib\gfx.c">
      <Filter>Source Files</Filter>
    </ClCompile>
    <ClCompile Include="..\..\source\gfxlib\hq2x.c">
      <Filter>Source Files</Filter>
    </ClCompile>
    <ClCompile Include="..\..\source\gfxlib\scale2x.c">
      <Filter>Source Files</Filter>
    </ClCompile>
    <ClCompile Include="..\..\source\gfxlib\scanline.c">
      <Filter>Source Files</Filter>
    </ClCompile>
    <ClCompile Include="..\..\source\gfxlib\simple2x.c">
      <Filter>Source Files</Filter>
    </ClCompile>
    <ClCompile Include="..\..\source\gfxlib\tv2x.c">
      <Filter>Source Files</Filter>
    </ClCompile>
    <ClCompile Include="..\..\source\openborscript\animation.c">
      <Filter>Source Files</Filter>
    </ClCompile>
    <ClCompile Include="..\..\source\openborscript\axis.c">
      <Filter>Source Files</Filter>
    </ClCompile>
    <ClCompile Include="..\..\source\openborscript\binding.c">
      <Filter>Source Files</Filter>
    </ClCompile>
    <ClCompile Include="..\..\source\openborscript\collision_attack.c">
      <Filter>Source Files</Filter>
    </ClCompile>
    <ClCompile Include="..\..\source\openborscript\collision_body.c">
      <Filter>Source Files</Filter>
    </ClCompile>
    <ClCompile Include="..\..\source\openborscript\collision_coordinates.c">
      <Filter>Source Files</Filter>
    </ClCompile>
    <ClCompile Include="..\..\source\openborscript\collision_entity.c">
      <Filter>Source Files</Filter>
    </ClCompile>
    <ClCompile Include="..\..\source\openborscript\commands.c">
      <Filter>Source Files</Filter>
    </ClCompile>
    <ClCompile Include="..\..\source\openborscript\constants.c">
      <Filter>Source Files</Filter>
    </ClCompile>
    <ClCompile Include="..\..\source\openborscript\entity.c">
      <Filter>Source Files</Filter>
    </ClCompile>
    <ClCompile Include="..\..\source\openborscript\index.c">
      <Filter>Source Files</Filter>
    </ClCompile>
    <ClCompile Include="..\..\source\openborscript\layer.c">
      <Filter>Source Files</Filter>
    </ClCompile>
    <ClCompile Include="..\..\source\openborscript\level.c">
      <Filter>Source Files</Filter>
    </ClCompile>
    <ClCompile Include="..\..\source\openborscript\math.c">
      <Filter>Source Files</Filter>
    </ClCompile>
    <ClCompile Include="..\..\source\openborscript\string.c">
      <Filter>Source Files</Filter>
    </ClCompile>
    <ClCompile Include="..\..\source\pnglib\pngdec.c">
      <Filter>Source Files</Filter>
    </ClCompile>
    <ClCompile Include="..\..\source\pnglib\savepng.c">
      <Filter>Source Files</Filter>
    </ClCompile>
    <ClCompile Include="..\..\source\preprocessorlib\pp_expr.c">
      <Filter>Source Files</Filter>
    </ClCompile>
    <ClCompile Include="..\..\source\preprocessorlib\pp_lexer.c">
      <Filter>Source Files</Filter>
    </ClCompile>
    <ClCompile Include="..\..\source\preprocessorlib\pp_parser.c">
      <Filter>Source Files</Filter>
    </ClCompile>
    <ClCompile Include="..\..\source\preprocessorlib\test\calculator.c">
      <Filter>Source Files</Filter>
    </ClCompile>
    <ClCompile Include="..\..\source\preprocessorlib\test\infixparser.c">
      <Filter>Source Files</Filter>
    </ClCompile>
    <ClCompile Include="..\..\source\preprocessorlib\test\pp_test.c">
      <Filter>Source Files</Filter>
    </ClCompile>
    <ClCompile Include="..\..\source\preprocessorlib\test\tmp.c">
      <Filter>Source Files</Filter>
    </ClCompile>
    <ClCompile Include="..\..\source\preprocessorlib\test\tokendiff.c">
      <Filter>Source Files</Filter>
    </ClCompile>
    <ClCompile Include="..\..\source\ramlib\ram.c">
      <Filter>Source Files</Filter>
    </ClCompile>
    <ClCompile Include="..\..\source\randlib\rand32.c">
      <Filter>Source Files</Filter>
    </ClCompile>
    <ClCompile Include="..\..\source\scriptlib\ImportCache.c">
      <Filter>Source Files</Filter>
    </ClCompile>
    <ClCompile Include="..\..\source\scriptlib\Instruction.c">
      <Filter>Source Files</Filter>
    </ClCompile>
    <ClCompile Include="..\..\source\scriptlib\Interpreter.c">
      <Filter>Source Files</Filter>
    </ClCompile>
    <ClCompile Include="..\..\source\scriptlib\Lexer.c">
      <Filter>Source Files</Filter>
    </ClCompile>
    <ClCompile Include="..\..\source\scriptlib\List.c">
      <Filter>Source Files</Filter>
    </ClCompile>
    <ClCompile Include="..\..\source\scriptlib\List_unittest.c">
      <Filter>Source Files</Filter>
    </ClCompile>
    <ClCompile Include="..\..\source\scriptlib\Parser.c">
      <Filter>Source Files</Filter>
    </ClCompile>
    <ClCompile Include="..\..\source\scriptlib\ParserSet.c">
      <Filter>Source Files</Filter>
    </ClCompile>
    <ClCompile Include="..\..\source\scriptlib\ScriptVariant.c">
      <Filter>Source Files</Filter>
    </ClCompile>
    <ClCompile Include="..\..\source\scriptlib\Stack.c">
      <Filter>Source Files</Filter>
    </ClCompile>
    <ClCompile Include="..\..\source\scriptlib\StackedSymbolTable.c">
      <Filter>Source Files</Filter>
    </ClCompile>
    <ClCompile Include="..\..\source\scriptlib\SymbolTable.c">
      <Filter>Source Files</Filter>
    </ClCompile>
    <ClCompile Include="..\..\source\tracelib2\tracelib2.c">
      <Filter>Source Files</Filter>
    </ClCompile>
    <ClCompile Include="..\..\source\tracelib2\tracelib2_test.c">
      <Filter>Source Files</Filter>
    </ClCompile>
    <ClCompile Include="..\..\source\webmlib\samplecvt.c">
      <Filter>Source Files</Filter>
    </ClCompile>
    <ClCompile Include="..\..\source\webmlib\vidplay.c">
      <Filter>Source Files</Filter>
    </ClCompile>
    <ClCompile Include="..\..\source\webmlib\vorbis.c">
      <Filter>Source Files</Filter>
    </ClCompile>
    <ClCompile Include="..\..\source\webmlib\yuv.c">
      <Filter>Source Files</Filter>
    </ClCompile>
    <ClCompile Include="..\..\source\webmlib\halloc\halloc.c">
      <Filter>Source Files</Filter>
    </ClCompile>
    <ClCompile Include="..\..\source\webmlib\nestegg\nestegg.c">
      <Filter>Source Files</Filter>
    </ClCompile>
    <ClCompile Include="..\..\symbian\symbian.cpp">
      <Filter>Source Files</Filter>
    </ClCompile>
    <ClCompile Include="..\..\vita\control.c">
      <Filter>Source Files</Filter>
    </ClCompile>
    <ClCompile Include="..\..\vita\menu.c">
      <Filter>Source Files</Filter>
    </ClCompile>
    <ClCompile Include="..\..\vita\sblaster.c">
      <Filter>Source Files</Filter>
    </ClCompile>
    <ClCompile Include="..\..\vita\timer.c">
      <Filter>Source Files</Filter>
    </ClCompile>
    <ClCompile Include="..\..\vita\video.c">
      <Filter>Source Files</Filter>
    </ClCompile>
    <ClCompile Include="..\..\vita\vitaport.c">
      <Filter>Source Files</Filter>
    </ClCompile>
    <ClCompile Include="..\..\wii\control.c">
      <Filter>Source Files</Filter>
    </ClCompile>
    <ClCompile Include="..\..\wii\menu.c">
      <Filter>Source Files</Filter>
    </ClCompile>
    <ClCompile Include="..\..\wii\sblaster.c">
      <Filter>Source Files</Filter>
    </ClCompile>
    <ClCompile Include="..\..\wii\threads.c">
      <Filter>Source Files</Filter>
    </ClCompile>
    <ClCompile Include="..\..\wii\timer.c">
      <Filter>Source Files</Filter>
    </ClCompile>
    <ClCompile Include="..\..\wii\video.c">
      <Filter>Source Files</Filter>
    </ClCompile>
    <ClCompile Include="..\..\wii\wiiport.c">
      <Filter>Source Files</Filter>
    </ClCompile>
    <ClCompile Include="..\..\xbox\control.c">
      <Filter>Source Files</Filter>
    </ClCompile>
    <ClCompile Include="..\..\xbox\sblaster.c">
      <Filter>Source Files</Filter>
    </ClCompile>
    <ClCompile Include="..\..\xbox\timer.c">
      <Filter>Source Files</Filter>
    </ClCompile>
    <ClCompile Include="..\..\xbox\video.c">
      <Filter>Source Files</Filter>
    </ClCompile>
    <ClCompile Include="..\..\xbox\common\src\xbapp.cpp">
      <Filter>Source Files</Filter>
    </ClCompile>
    <ClCompile Include="..\..\xbox\common\src\xbfont.cpp">
      <Filter>Source Files</Filter>
    </ClCompile>
    <ClCompile Include="..\..\xbox\common\src\xbhelp.cpp">
      <Filter>Source Files</Filter>
    </ClCompile>
    <ClCompile Include="..\..\xbox\common\src\xbinput.cpp">
      <Filter>Source Files</Filter>
    </ClCompile>
    <ClCompile Include="..\..\xbox\common\src\xbmesh.cpp">
      <Filter>Source Files</Filter>
    </ClCompile>
    <ClCompile Include="..\..\xbox\common\src\xbresource.cpp">
      <Filter>Source Files</Filter>
    </ClCompile>
    <ClCompile Include="..\..\xbox\common\src\xbsound.cpp">
      <Filter>Source Files</Filter>
    </ClCompile>
    <ClCompile Include="..\..\xbox\common\src\xbstopwatch.cpp">
      <Filter>Source Files</Filter>
    </ClCompile>
    <ClCompile Include="..\..\xbox\common\src\xbutil.cpp">
      <Filter>Source Files</Filter>
    </ClCompile>
    <ClCompile Include="..\..\xbox\generic\custom_launch_params.cpp">
      <Filter>Source Files</Filter>
    </ClCompile>
    <ClCompile Include="..\..\xbox\generic\graphicscontext.cpp">
      <Filter>Source Files</Filter>
    </ClCompile>
    <ClCompile Include="..\..\xbox\generic\iosupport.cpp">
      <Filter>Source Files</Filter>
    </ClCompile>
    <ClCompile Include="..\..\xbox\generic\panel.cpp">
      <Filter>Source Files</Filter>
    </ClCompile>
    <ClCompile Include="..\..\xbox\generic\scale2x.cpp">
      <Filter>Source Files</Filter>
    </ClCompile>
    <ClCompile Include="..\..\xbox\generic\simple2x.cpp">
      <Filter>Source Files</Filter>
    </ClCompile>
    <ClCompile Include="..\..\xbox\generic\skin.cpp">
      <Filter>Source Files</Filter>
    </ClCompile>
    <ClCompile Include="..\..\xbox\generic\xboxport.cpp">
      <Filter>Source Files</Filter>
    </ClCompile>
    <ClCompile Include="..\..\xbox\generic\xmldocument.cpp">
      <Filter>Source Files</Filter>
    </ClCompile>
    <ClCompile Include="..\..\xbox\generic\SndXBOX.cxx">
      <Filter>Source Files</Filter>
    </ClCompile>
    <ClCompile Include="..\..\xbox\generic\2xsaiwin.c">
      <Filter>Source Files</Filter>
    </ClCompile>
    <ClCompile Include="..\..\source\openborscript\drawmethod.c">
      <Filter>Source Files</Filter>
    </ClCompile>
  </ItemGroup>
  <ItemGroup>
    <None Include="..\..\source\gfxlib\2xSaImmx.asm">
      <Filter>Source Files</Filter>
    </None>
    <None Include="..\..\source\gfxlib\bilinearmmx.asm">
      <Filter>Source Files</Filter>
    </None>
    <None Include="..\..\source\gfxlib\hq2x16mmx.asm">
      <Filter>Source Files</Filter>
    </None>
    <None Include="..\..\build.sh" />
    <None Include="..\..\darwin.sh" />
    <None Include="..\..\environ.sh" />
    <None Include="..\..\fixindentation.sh" />
    <None Include="..\..\fixtrailingwhitespace.sh" />
    <None Include="..\..\version.sh" />
    <None Include="..\..\source\preprocessorlib\test\build.sh" />
    <None Include="..\..\source\preprocessorlib\test\tokendiff.sh" />
    <None Include="..\..\Makefile" />
  </ItemGroup>
  <ItemGroup>
    <ClInclude Include="..\..\openbor.h">
      <Filter>Header Files</Filter>
    </ClInclude>
    <ClInclude Include="..\..\version.h">
      <Filter>Header Files</Filter>
    </ClInclude>
    <ClInclude Include="..\..\android\jni\openbor\button_png_800x480.h">
      <Filter>Header Files</Filter>
    </ClInclude>
    <ClInclude Include="..\..\android\jni\openbor\include\ogg\config_types.h">
      <Filter>Header Files</Filter>
    </ClInclude>
    <ClInclude Include="..\..\android\jni\openbor\include\ogg\ogg.h">
      <Filter>Header Files</Filter>
    </ClInclude>
    <ClInclude Include="..\..\android\jni\openbor\include\ogg\os_types.h">
      <Filter>Header Files</Filter>
    </ClInclude>
    <ClInclude Include="..\..\android\jni\openbor\include\png\png.h">
      <Filter>Header Files</Filter>
    </ClInclude>
    <ClInclude Include="..\..\android\jni\openbor\include\png\pngconf.h">
      <Filter>Header Files</Filter>
    </ClInclude>
    <ClInclude Include="..\..\android\jni\openbor\include\png\pnglibconf.h">
      <Filter>Header Files</Filter>
    </ClInclude>
    <ClInclude Include="..\..\android\jni\openbor\include\sdl\begin_code.h">
      <Filter>Header Files</Filter>
    </ClInclude>
    <ClInclude Include="..\..\android\jni\openbor\include\sdl\close_code.h">
      <Filter>Header Files</Filter>
    </ClInclude>
    <ClInclude Include="..\..\android\jni\openbor\include\sdl\SDL.h">
      <Filter>Header Files</Filter>
    </ClInclude>
    <ClInclude Include="..\..\android\jni\openbor\include\sdl\SDL_assert.h">
      <Filter>Header Files</Filter>
    </ClInclude>
    <ClInclude Include="..\..\android\jni\openbor\include\sdl\SDL_atomic.h">
      <Filter>Header Files</Filter>
    </ClInclude>
    <ClInclude Include="..\..\android\jni\openbor\include\sdl\SDL_audio.h">
      <Filter>Header Files</Filter>
    </ClInclude>
    <ClInclude Include="..\..\android\jni\openbor\include\sdl\SDL_bits.h">
      <Filter>Header Files</Filter>
    </ClInclude>
    <ClInclude Include="..\..\android\jni\openbor\include\sdl\SDL_blendmode.h">
      <Filter>Header Files</Filter>
    </ClInclude>
    <ClInclude Include="..\..\android\jni\openbor\include\sdl\SDL_clipboard.h">
      <Filter>Header Files</Filter>
    </ClInclude>
    <ClInclude Include="..\..\android\jni\openbor\include\sdl\SDL_config.h">
      <Filter>Header Files</Filter>
    </ClInclude>
    <ClInclude Include="..\..\android\jni\openbor\include\sdl\SDL_config_android.h">
      <Filter>Header Files</Filter>
    </ClInclude>
    <ClInclude Include="..\..\android\jni\openbor\include\sdl\SDL_config_iphoneos.h">
      <Filter>Header Files</Filter>
    </ClInclude>
    <ClInclude Include="..\..\android\jni\openbor\include\sdl\SDL_config_macosx.h">
      <Filter>Header Files</Filter>
    </ClInclude>
    <ClInclude Include="..\..\android\jni\openbor\include\sdl\SDL_config_minimal.h">
      <Filter>Header Files</Filter>
    </ClInclude>
    <ClInclude Include="..\..\android\jni\openbor\include\sdl\SDL_config_pandora.h">
      <Filter>Header Files</Filter>
    </ClInclude>
    <ClInclude Include="..\..\android\jni\openbor\include\sdl\SDL_config_psp.h">
      <Filter>Header Files</Filter>
    </ClInclude>
    <ClInclude Include="..\..\android\jni\openbor\include\sdl\SDL_config_windows.h">
      <Filter>Header Files</Filter>
    </ClInclude>
    <ClInclude Include="..\..\android\jni\openbor\include\sdl\SDL_config_winrt.h">
      <Filter>Header Files</Filter>
    </ClInclude>
    <ClInclude Include="..\..\android\jni\openbor\include\sdl\SDL_config_wiz.h">
      <Filter>Header Files</Filter>
    </ClInclude>
    <ClInclude Include="..\..\android\jni\openbor\include\sdl\SDL_copying.h">
      <Filter>Header Files</Filter>
    </ClInclude>
    <ClInclude Include="..\..\android\jni\openbor\include\sdl\SDL_cpuinfo.h">
      <Filter>Header Files</Filter>
    </ClInclude>
    <ClInclude Include="..\..\android\jni\openbor\include\sdl\SDL_egl.h">
      <Filter>Header Files</Filter>
    </ClInclude>
    <ClInclude Include="..\..\android\jni\openbor\include\sdl\SDL_endian.h">
      <Filter>Header Files</Filter>
    </ClInclude>
    <ClInclude Include="..\..\android\jni\openbor\include\sdl\SDL_error.h">
      <Filter>Header Files</Filter>
    </ClInclude>
    <ClInclude Include="..\..\android\jni\openbor\include\sdl\SDL_events.h">
      <Filter>Header Files</Filter>
    </ClInclude>
    <ClInclude Include="..\..\android\jni\openbor\include\sdl\SDL_filesystem.h">
      <Filter>Header Files</Filter>
    </ClInclude>
    <ClInclude Include="..\..\android\jni\openbor\include\sdl\SDL_gamecontroller.h">
      <Filter>Header Files</Filter>
    </ClInclude>
    <ClInclude Include="..\..\android\jni\openbor\include\sdl\SDL_gesture.h">
      <Filter>Header Files</Filter>
    </ClInclude>
    <ClInclude Include="..\..\android\jni\openbor\include\sdl\SDL_haptic.h">
      <Filter>Header Files</Filter>
    </ClInclude>
    <ClInclude Include="..\..\android\jni\openbor\include\sdl\SDL_hints.h">
      <Filter>Header Files</Filter>
    </ClInclude>
    <ClInclude Include="..\..\android\jni\openbor\include\sdl\SDL_joystick.h">
      <Filter>Header Files</Filter>
    </ClInclude>
    <ClInclude Include="..\..\android\jni\openbor\include\sdl\SDL_keyboard.h">
      <Filter>Header Files</Filter>
    </ClInclude>
    <ClInclude Include="..\..\android\jni\openbor\include\sdl\SDL_keycode.h">
      <Filter>Header Files</Filter>
    </ClInclude>
    <ClInclude Include="..\..\android\jni\openbor\include\sdl\SDL_loadso.h">
      <Filter>Header Files</Filter>
    </ClInclude>
    <ClInclude Include="..\..\android\jni\openbor\include\sdl\SDL_log.h">
      <Filter>Header Files</Filter>
    </ClInclude>
    <ClInclude Include="..\..\android\jni\openbor\include\sdl\SDL_main.h">
      <Filter>Header Files</Filter>
    </ClInclude>
    <ClInclude Include="..\..\android\jni\openbor\include\sdl\SDL_messagebox.h">
      <Filter>Header Files</Filter>
    </ClInclude>
    <ClInclude Include="..\..\android\jni\openbor\include\sdl\SDL_mouse.h">
      <Filter>Header Files</Filter>
    </ClInclude>
    <ClInclude Include="..\..\android\jni\openbor\include\sdl\SDL_mutex.h">
      <Filter>Header Files</Filter>
    </ClInclude>
    <ClInclude Include="..\..\android\jni\openbor\include\sdl\SDL_name.h">
      <Filter>Header Files</Filter>
    </ClInclude>
    <ClInclude Include="..\..\android\jni\openbor\include\sdl\SDL_opengl.h">
      <Filter>Header Files</Filter>
    </ClInclude>
    <ClInclude Include="..\..\android\jni\openbor\include\sdl\SDL_opengles.h">
      <Filter>Header Files</Filter>
    </ClInclude>
    <ClInclude Include="..\..\android\jni\openbor\include\sdl\SDL_opengles2.h">
      <Filter>Header Files</Filter>
    </ClInclude>
    <ClInclude Include="..\..\android\jni\openbor\include\sdl\SDL_opengles2_gl2.h">
      <Filter>Header Files</Filter>
    </ClInclude>
    <ClInclude Include="..\..\android\jni\openbor\include\sdl\SDL_opengles2_gl2ext.h">
      <Filter>Header Files</Filter>
    </ClInclude>
    <ClInclude Include="..\..\android\jni\openbor\include\sdl\SDL_opengles2_gl2platform.h">
      <Filter>Header Files</Filter>
    </ClInclude>
    <ClInclude Include="..\..\android\jni\openbor\include\sdl\SDL_opengles2_khrplatform.h">
      <Filter>Header Files</Filter>
    </ClInclude>
    <ClInclude Include="..\..\android\jni\openbor\include\sdl\SDL_opengl_glext.h">
      <Filter>Header Files</Filter>
    </ClInclude>
    <ClInclude Include="..\..\android\jni\openbor\include\sdl\SDL_pixels.h">
      <Filter>Header Files</Filter>
    </ClInclude>
    <ClInclude Include="..\..\android\jni\openbor\include\sdl\SDL_platform.h">
      <Filter>Header Files</Filter>
    </ClInclude>
    <ClInclude Include="..\..\android\jni\openbor\include\sdl\SDL_power.h">
      <Filter>Header Files</Filter>
    </ClInclude>
    <ClInclude Include="..\..\android\jni\openbor\include\sdl\SDL_quit.h">
      <Filter>Header Files</Filter>
    </ClInclude>
    <ClInclude Include="..\..\android\jni\openbor\include\sdl\SDL_rect.h">
      <Filter>Header Files</Filter>
    </ClInclude>
    <ClInclude Include="..\..\android\jni\openbor\include\sdl\SDL_render.h">
      <Filter>Header Files</Filter>
    </ClInclude>
    <ClInclude Include="..\..\android\jni\openbor\include\sdl\SDL_revision.h">
      <Filter>Header Files</Filter>
    </ClInclude>
    <ClInclude Include="..\..\android\jni\openbor\include\sdl\SDL_rwops.h">
      <Filter>Header Files</Filter>
    </ClInclude>
    <ClInclude Include="..\..\android\jni\openbor\include\sdl\SDL_scancode.h">
      <Filter>Header Files</Filter>
    </ClInclude>
    <ClInclude Include="..\..\android\jni\openbor\include\sdl\SDL_shape.h">
      <Filter>Header Files</Filter>
    </ClInclude>
    <ClInclude Include="..\..\android\jni\openbor\include\sdl\SDL_stdinc.h">
      <Filter>Header Files</Filter>
    </ClInclude>
    <ClInclude Include="..\..\android\jni\openbor\include\sdl\SDL_surface.h">
      <Filter>Header Files</Filter>
    </ClInclude>
    <ClInclude Include="..\..\android\jni\openbor\include\sdl\SDL_system.h">
      <Filter>Header Files</Filter>
    </ClInclude>
    <ClInclude Include="..\..\android\jni\openbor\include\sdl\SDL_syswm.h">
      <Filter>Header Files</Filter>
    </ClInclude>
    <ClInclude Include="..\..\android\jni\openbor\include\sdl\SDL_test.h">
      <Filter>Header Files</Filter>
    </ClInclude>
    <ClInclude Include="..\..\android\jni\openbor\include\sdl\SDL_test_assert.h">
      <Filter>Header Files</Filter>
    </ClInclude>
    <ClInclude Include="..\..\android\jni\openbor\include\sdl\SDL_test_common.h">
      <Filter>Header Files</Filter>
    </ClInclude>
    <ClInclude Include="..\..\android\jni\openbor\include\sdl\SDL_test_compare.h">
      <Filter>Header Files</Filter>
    </ClInclude>
    <ClInclude Include="..\..\android\jni\openbor\include\sdl\SDL_test_crc32.h">
      <Filter>Header Files</Filter>
    </ClInclude>
    <ClInclude Include="..\..\android\jni\openbor\include\sdl\SDL_test_font.h">
      <Filter>Header Files</Filter>
    </ClInclude>
    <ClInclude Include="..\..\android\jni\openbor\include\sdl\SDL_test_fuzzer.h">
      <Filter>Header Files</Filter>
    </ClInclude>
    <ClInclude Include="..\..\android\jni\openbor\include\sdl\SDL_test_harness.h">
      <Filter>Header Files</Filter>
    </ClInclude>
    <ClInclude Include="..\..\android\jni\openbor\include\sdl\SDL_test_images.h">
      <Filter>Header Files</Filter>
    </ClInclude>
    <ClInclude Include="..\..\android\jni\openbor\include\sdl\SDL_test_log.h">
      <Filter>Header Files</Filter>
    </ClInclude>
    <ClInclude Include="..\..\android\jni\openbor\include\sdl\SDL_test_md5.h">
      <Filter>Header Files</Filter>
    </ClInclude>
    <ClInclude Include="..\..\android\jni\openbor\include\sdl\SDL_test_memory.h">
      <Filter>Header Files</Filter>
    </ClInclude>
    <ClInclude Include="..\..\android\jni\openbor\include\sdl\SDL_test_random.h">
      <Filter>Header Files</Filter>
    </ClInclude>
    <ClInclude Include="..\..\android\jni\openbor\include\sdl\SDL_thread.h">
      <Filter>Header Files</Filter>
    </ClInclude>
    <ClInclude Include="..\..\android\jni\openbor\include\sdl\SDL_timer.h">
      <Filter>Header Files</Filter>
    </ClInclude>
    <ClInclude Include="..\..\android\jni\openbor\include\sdl\SDL_touch.h">
      <Filter>Header Files</Filter>
    </ClInclude>
    <ClInclude Include="..\..\android\jni\openbor\include\sdl\SDL_types.h">
      <Filter>Header Files</Filter>
    </ClInclude>
    <ClInclude Include="..\..\android\jni\openbor\include\sdl\SDL_version.h">
      <Filter>Header Files</Filter>
    </ClInclude>
    <ClInclude Include="..\..\android\jni\openbor\include\sdl\SDL_video.h">
      <Filter>Header Files</Filter>
    </ClInclude>
    <ClInclude Include="..\..\android\jni\openbor\include\sdl\SDL_vulkan.h">
      <Filter>Header Files</Filter>
    </ClInclude>
    <ClInclude Include="..\..\android\jni\openbor\include\tremor\ivorbiscodec.h">
      <Filter>Header Files</Filter>
    </ClInclude>
    <ClInclude Include="..\..\android\jni\openbor\include\tremor\ivorbisfile.h">
      <Filter>Header Files</Filter>
    </ClInclude>
    <ClInclude Include="..\..\android\jni\openbor\include\vpx\svc_context.h">
      <Filter>Header Files</Filter>
    </ClInclude>
    <ClInclude Include="..\..\android\jni\openbor\include\vpx\vp8.h">
      <Filter>Header Files</Filter>
    </ClInclude>
    <ClInclude Include="..\..\android\jni\openbor\include\vpx\vp8cx.h">
      <Filter>Header Files</Filter>
    </ClInclude>
    <ClInclude Include="..\..\android\jni\openbor\include\vpx\vp8dx.h">
      <Filter>Header Files</Filter>
    </ClInclude>
    <ClInclude Include="..\..\android\jni\openbor\include\vpx\vpx_codec.h">
      <Filter>Header Files</Filter>
    </ClInclude>
    <ClInclude Include="..\..\android\jni\openbor\include\vpx\vpx_decoder.h">
      <Filter>Header Files</Filter>
    </ClInclude>
    <ClInclude Include="..\..\android\jni\openbor\include\vpx\vpx_encoder.h">
      <Filter>Header Files</Filter>
    </ClInclude>
    <ClInclude Include="..\..\android\jni\openbor\include\vpx\vpx_frame_buffer.h">
      <Filter>Header Files</Filter>
    </ClInclude>
    <ClInclude Include="..\..\android\jni\openbor\include\vpx\vpx_image.h">
      <Filter>Header Files</Filter>
    </ClInclude>
    <ClInclude Include="..\..\android\jni\openbor\include\vpx\vpx_integer.h">
      <Filter>Header Files</Filter>
    </ClInclude>
    <ClInclude Include="..\..\dc\bios.h">
      <Filter>Header Files</Filter>
    </ClInclude>
    <ClInclude Include="..\..\dc\control.h">
      <Filter>Header Files</Filter>
    </ClInclude>
    <ClInclude Include="..\..\dc\dcport.h">
      <Filter>Header Files</Filter>
    </ClInclude>
    <ClInclude Include="..\..\dc\gdrom.h">
      <Filter>Header Files</Filter>
    </ClInclude>
    <ClInclude Include="..\..\dc\sblaster.h">
      <Filter>Header Files</Filter>
    </ClInclude>
    <ClInclude Include="..\..\dc\video.h">
      <Filter>Header Files</Filter>
    </ClInclude>
    <ClInclude Include="..\..\psp\audiodrv.h">
      <Filter>Header Files</Filter>
    </ClInclude>
    <ClInclude Include="..\..\psp\control.h">
      <Filter>Header Files</Filter>
    </ClInclude>
    <ClInclude Include="..\..\psp\graphics.h">
      <Filter>Header Files</Filter>
    </ClInclude>
    <ClInclude Include="..\..\psp\image.h">
      <Filter>Header Files</Filter>
    </ClInclude>
    <ClInclude Include="..\..\psp\menu.h">
      <Filter>Header Files</Filter>
    </ClInclude>
    <ClInclude Include="..\..\psp\netcomm.h">
      <Filter>Header Files</Filter>
    </ClInclude>
    <ClInclude Include="..\..\psp\pspport.h">
      <Filter>Header Files</Filter>
    </ClInclude>
    <ClInclude Include="..\..\psp\sblaster.h">
      <Filter>Header Files</Filter>
    </ClInclude>
    <ClInclude Include="..\..\psp\vertex.h">
      <Filter>Header Files</Filter>
    </ClInclude>
    <ClInclude Include="..\..\psp\video.h">
      <Filter>Header Files</Filter>
    </ClInclude>
    <ClInclude Include="..\..\psp\control\control.h">
      <Filter>Header Files</Filter>
    </ClInclude>
    <ClInclude Include="..\..\psp\dvemgr\dvemgr.h">
      <Filter>Header Files</Filter>
    </ClInclude>
    <ClInclude Include="..\..\psp\kernel\kernel.h">
      <Filter>Header Files</Filter>
    </ClInclude>
    <ClInclude Include="..\..\resources\logviewer_320x240_png.h">
      <Filter>Header Files</Filter>
    </ClInclude>
    <ClInclude Include="..\..\resources\logviewer_480x272_png.h">
      <Filter>Header Files</Filter>
    </ClInclude>
    <ClInclude Include="..\..\resources\OpenBOR_Icon_128x128.h">
      <Filter>Header Files</Filter>
    </ClInclude>
    <ClInclude Include="..\..\resources\OpenBOR_Icon_128x128_png.h">
      <Filter>Header Files</Filter>
    </ClInclude>
    <ClInclude Include="..\..\resources\OpenBOR_Icon_128x48_png.h">
      <Filter>Header Files</Filter>
    </ClInclude>
    <ClInclude Include="..\..\resources\OpenBOR_Icon_144x80_png.h">
      <Filter>Header Files</Filter>
    </ClInclude>
    <ClInclude Include="..\..\resources\OpenBOR_Icon_32x32.h">
      <Filter>Header Files</Filter>
    </ClInclude>
    <ClInclude Include="..\..\resources\OpenBOR_Icon_32x32_png.h">
      <Filter>Header Files</Filter>
    </ClInclude>
    <ClInclude Include="..\..\resources\OpenBOR_Logo_320x240.h">
      <Filter>Header Files</Filter>
    </ClInclude>
    <ClInclude Include="..\..\resources\OpenBOR_Logo_320x240_Link.h">
      <Filter>Header Files</Filter>
    </ClInclude>
    <ClInclude Include="..\..\resources\OpenBOR_Logo_320x240_Link_png.h">
      <Filter>Header Files</Filter>
    </ClInclude>
    <ClInclude Include="..\..\resources\OpenBOR_Logo_320x240_png.h">
      <Filter>Header Files</Filter>
    </ClInclude>
    <ClInclude Include="..\..\resources\OpenBOR_Logo_480x272.h">
      <Filter>Header Files</Filter>
    </ClInclude>
    <ClInclude Include="..\..\resources\OpenBOR_Logo_480x272_Link.h">
      <Filter>Header Files</Filter>
    </ClInclude>
    <ClInclude Include="..\..\resources\OpenBOR_Logo_480x272_Link_png.h">
      <Filter>Header Files</Filter>
    </ClInclude>
    <ClInclude Include="..\..\resources\OpenBOR_Logo_480x272_png.h">
      <Filter>Header Files</Filter>
    </ClInclude>
    <ClInclude Include="..\..\resources\OpenBOR_Menu_320x240.h">
      <Filter>Header Files</Filter>
    </ClInclude>
    <ClInclude Include="..\..\resources\OpenBOR_Menu_320x240_Consoles_png.h">
      <Filter>Header Files</Filter>
    </ClInclude>
    <ClInclude Include="..\..\resources\OpenBOR_Menu_320x240_png.h">
      <Filter>Header Files</Filter>
    </ClInclude>
    <ClInclude Include="..\..\resources\OpenBOR_Menu_320x240_Sony_png.h">
      <Filter>Header Files</Filter>
    </ClInclude>
    <ClInclude Include="..\..\resources\OpenBOR_Menu_480x272.h">
      <Filter>Header Files</Filter>
    </ClInclude>
    <ClInclude Include="..\..\resources\OpenBOR_Menu_480x272_Consoles_png.h">
      <Filter>Header Files</Filter>
    </ClInclude>
    <ClInclude Include="..\..\resources\OpenBOR_Menu_480x272_png.h">
      <Filter>Header Files</Filter>
    </ClInclude>
    <ClInclude Include="..\..\resources\OpenBOR_Menu_480x272_Sony_png.h">
      <Filter>Header Files</Filter>
    </ClInclude>
    <ClInclude Include="..\..\sdl\control.h">
      <Filter>Header Files</Filter>
    </ClInclude>
    <ClInclude Include="..\..\sdl\hankaku.h">
      <Filter>Header Files</Filter>
    </ClInclude>
    <ClInclude Include="..\..\sdl\joysticks.h">
      <Filter>Header Files</Filter>
    </ClInclude>
    <ClInclude Include="..\..\sdl\loadgl.h">
      <Filter>Header Files</Filter>
    </ClInclude>
    <ClInclude Include="..\..\sdl\menu.h">
      <Filter>Header Files</Filter>
    </ClInclude>
    <ClInclude Include="..\..\sdl\opengl.h">
      <Filter>Header Files</Filter>
    </ClInclude>
    <ClInclude Include="..\..\sdl\sblaster.h">
      <Filter>Header Files</Filter>
    </ClInclude>
    <ClInclude Include="..\..\sdl\sdlport.h">
      <Filter>Header Files</Filter>
    </ClInclude>
    <ClInclude Include="..\..\sdl\video.h">
      <Filter>Header Files</Filter>
    </ClInclude>
    <ClInclude Include="..\..\sdl\videocommon.h">
      <Filter>Header Files</Filter>
    </ClInclude>
    <ClInclude Include="..\..\sdl\gp2x\gp2xport.h">
      <Filter>Header Files</Filter>
    </ClInclude>
    <ClInclude Include="..\..\source\globals.h">
      <Filter>Header Files</Filter>
    </ClInclude>
    <ClInclude Include="..\..\source\omath.h">
      <Filter>Header Files</Filter>
    </ClInclude>
    <ClInclude Include="..\..\source\safealloc.h">
      <Filter>Header Files</Filter>
    </ClInclude>
    <ClInclude Include="..\..\source\savedata.h">
      <Filter>Header Files</Filter>
    </ClInclude>
    <ClInclude Include="..\..\source\stringptr.h">
      <Filter>Header Files</Filter>
    </ClInclude>
    <ClInclude Include="..\..\source\stristr.h">
      <Filter>Header Files</Filter>
    </ClInclude>
    <ClInclude Include="..\..\source\utils.h">
      <Filter>Header Files</Filter>
    </ClInclude>
    <ClInclude Include="..\..\source\adpcmlib\adpcm.h">
      <Filter>Header Files</Filter>
    </ClInclude>
    <ClInclude Include="..\..\source\gamelib\anigif.h">
      <Filter>Header Files</Filter>
    </ClInclude>
    <ClInclude Include="..\..\source\gamelib\bitmap.h">
      <Filter>Header Files</Filter>
    </ClInclude>
    <ClInclude Include="..\..\source\gamelib\borendian.h">
      <Filter>Header Files</Filter>
    </ClInclude>
    <ClInclude Include="..\..\source\gamelib\draw.h">
      <Filter>Header Files</Filter>
    </ClInclude>
    <ClInclude Include="..\..\source\gamelib\filecache.h">
      <Filter>Header Files</Filter>
    </ClInclude>
    <ClInclude Include="..\..\source\gamelib\filters.h">
      <Filter>Header Files</Filter>
    </ClInclude>
    <ClInclude Include="..\..\source\gamelib\font.h">
      <Filter>Header Files</Filter>
    </ClInclude>
    <ClInclude Include="..\..\source\gamelib\loadimg.h">
      <Filter>Header Files</Filter>
    </ClInclude>
    <ClInclude Include="..\..\source\gamelib\models.h">
      <Filter>Header Files</Filter>
    </ClInclude>
    <ClInclude Include="..\..\source\gamelib\packfile.h">
      <Filter>Header Files</Filter>
    </ClInclude>
    <ClInclude Include="..\..\source\gamelib\palette.h">
      <Filter>Header Files</Filter>
    </ClInclude>
    <ClInclude Include="..\..\source\gamelib\screen.h">
      <Filter>Header Files</Filter>
    </ClInclude>
    <ClInclude Include="..\..\source\gamelib\soundmix.h">
      <Filter>Header Files</Filter>
    </ClInclude>
    <ClInclude Include="..\..\source\gamelib\sprite.h">
      <Filter>Header Files</Filter>
    </ClInclude>
    <ClInclude Include="..\..\source\gamelib\spriteq.h">
      <Filter>Header Files</Filter>
    </ClInclude>
    <ClInclude Include="..\..\source\gamelib\threads.h">
      <Filter>Header Files</Filter>
    </ClInclude>
    <ClInclude Include="..\..\source\gamelib\timer.h">
      <Filter>Header Files</Filter>
    </ClInclude>
    <ClInclude Include="..\..\source\gamelib\transform.h">
      <Filter>Header Files</Filter>
    </ClInclude>
    <ClInclude Include="..\..\source\gamelib\translation.h">
      <Filter>Header Files</Filter>
    </ClInclude>
    <ClInclude Include="..\..\source\gamelib\types.h">
      <Filter>Header Files</Filter>
    </ClInclude>
    <ClInclude Include="..\..\source\gamelib\vga.h">
      <Filter>Header Files</Filter>
    </ClInclude>
    <ClInclude Include="..\..\source\gamelib\writepixel.h">
      <Filter>Header Files</Filter>
    </ClInclude>
    <ClInclude Include="..\..\source\gfxlib\gfx.h">
      <Filter>Header Files</Filter>
    </ClInclude>
    <ClInclude Include="..\..\source\gfxlib\gfxtypes.h">
      <Filter>Header Files</Filter>
    </ClInclude>
    <ClInclude Include="..\..\source\gfxlib\hq2x.h">
      <Filter>Header Files</Filter>
    </ClInclude>
    <ClInclude Include="..\..\source\gfxlib\interp.h">
      <Filter>Header Files</Filter>
    </ClInclude>
    <ClInclude Include="..\..\source\gfxlib\lq2x.h">
      <Filter>Header Files</Filter>
    </ClInclude>
    <ClInclude Include="..\..\source\openborscript\axis.h">
      <Filter>Header Files</Filter>
    </ClInclude>
    <ClInclude Include="..\..\source\openborscript\binding.h">
      <Filter>Header Files</Filter>
    </ClInclude>
    <ClInclude Include="..\..\source\openborscript\commands.h">
      <Filter>Header Files</Filter>
    </ClInclude>
    <ClInclude Include="..\..\source\openborscript\config.h">
      <Filter>Header Files</Filter>
    </ClInclude>
    <ClInclude Include="..\..\source\openborscript\entity.h">
      <Filter>Header Files</Filter>
    </ClInclude>
    <ClInclude Include="..\..\source\openborscript\scriptcommon.h">
      <Filter>Header Files</Filter>
    </ClInclude>
    <ClInclude Include="..\..\source\pnglib\pngdec.h">
      <Filter>Header Files</Filter>
    </ClInclude>
    <ClInclude Include="..\..\source\pnglib\savepng.h">
      <Filter>Header Files</Filter>
    </ClInclude>
    <ClInclude Include="..\..\source\preprocessorlib\pp_expr.h">
      <Filter>Header Files</Filter>
    </ClInclude>
    <ClInclude Include="..\..\source\preprocessorlib\pp_lexer.h">
      <Filter>Header Files</Filter>
    </ClInclude>
    <ClInclude Include="..\..\source\preprocessorlib\pp_parser.h">
      <Filter>Header Files</Filter>
    </ClInclude>
    <ClInclude Include="..\..\source\ramlib\ram.h">
      <Filter>Header Files</Filter>
    </ClInclude>
    <ClInclude Include="..\..\source\randlib\rand32.h">
      <Filter>Header Files</Filter>
    </ClInclude>
    <ClInclude Include="..\..\source\scriptlib\depends.h">
      <Filter>Header Files</Filter>
    </ClInclude>
    <ClInclude Include="..\..\source\scriptlib\FirstFollow.h">
      <Filter>Header Files</Filter>
    </ClInclude>
    <ClInclude Include="..\..\source\scriptlib\ImportCache.h">
      <Filter>Header Files</Filter>
    </ClInclude>
    <ClInclude Include="..\..\source\scriptlib\Instruction.h">
      <Filter>Header Files</Filter>
    </ClInclude>
    <ClInclude Include="..\..\source\scriptlib\Interpreter.h">
      <Filter>Header Files</Filter>
    </ClInclude>
    <ClInclude Include="..\..\source\scriptlib\Lexer.h">
      <Filter>Header Files</Filter>
    </ClInclude>
    <ClInclude Include="..\..\source\scriptlib\List.h">
      <Filter>Header Files</Filter>
    </ClInclude>
    <ClInclude Include="..\..\source\scriptlib\Parser.h">
      <Filter>Header Files</Filter>
    </ClInclude>
    <ClInclude Include="..\..\source\scriptlib\ParserSet.h">
      <Filter>Header Files</Filter>
    </ClInclude>
    <ClInclude Include="..\..\source\scriptlib\Productions.h">
      <Filter>Header Files</Filter>
    </ClInclude>
    <ClInclude Include="..\..\source\scriptlib\ScriptVariant.h">
      <Filter>Header Files</Filter>
    </ClInclude>
    <ClInclude Include="..\..\source\scriptlib\Stack.h">
      <Filter>Header Files</Filter>
    </ClInclude>
    <ClInclude Include="..\..\source\scriptlib\StackedSymbolTable.h">
      <Filter>Header Files</Filter>
    </ClInclude>
    <ClInclude Include="..\..\source\scriptlib\SymbolTable.h">
      <Filter>Header Files</Filter>
    </ClInclude>
    <ClInclude Include="..\..\source\tracelib2\tracelib2.h">
      <Filter>Header Files</Filter>
    </ClInclude>
    <ClInclude Include="..\..\source\webmlib\samplecvt.h">
      <Filter>Header Files</Filter>
    </ClInclude>
    <ClInclude Include="..\..\source\webmlib\vidplay.h">
      <Filter>Header Files</Filter>
    </ClInclude>
    <ClInclude Include="..\..\source\webmlib\vorbis.h">
      <Filter>Header Files</Filter>
    </ClInclude>
    <ClInclude Include="..\..\source\webmlib\vorbisfpu.h">
      <Filter>Header Files</Filter>
    </ClInclude>
    <ClInclude Include="..\..\source\webmlib\yuv.h">
      <Filter>Header Files</Filter>
    </ClInclude>
    <ClInclude Include="..\..\source\webmlib\halloc\align.h">
      <Filter>Header Files</Filter>
    </ClInclude>
    <ClInclude Include="..\..\source\webmlib\halloc\halloc.h">
      <Filter>Header Files</Filter>
    </ClInclude>
    <ClInclude Include="..\..\source\webmlib\halloc\hlist.h">
      <Filter>Header Files</Filter>
    </ClInclude>
    <ClInclude Include="..\..\source\webmlib\halloc\macros.h">
      <Filter>Header Files</Filter>
    </ClInclude>
    <ClInclude Include="..\..\source\webmlib\nestegg\nestegg.h">
      <Filter>Header Files</Filter>
    </ClInclude>
    <ClInclude Include="..\..\symbian\vsnprintf.h">
      <Filter>Header Files</Filter>
    </ClInclude>
    <ClInclude Include="..\..\vita\control.h">
      <Filter>Header Files</Filter>
    </ClInclude>
    <ClInclude Include="..\..\vita\hankaku.h">
      <Filter>Header Files</Filter>
    </ClInclude>
    <ClInclude Include="..\..\vita\menu.h">
      <Filter>Header Files</Filter>
    </ClInclude>
    <ClInclude Include="..\..\vita\sblaster.h">
      <Filter>Header Files</Filter>
    </ClInclude>
    <ClInclude Include="..\..\vita\video.h">
      <Filter>Header Files</Filter>
    </ClInclude>
    <ClInclude Include="..\..\vita\vitaport.h">
      <Filter>Header Files</Filter>
    </ClInclude>
    <ClInclude Include="..\..\wii\control.h">
      <Filter>Header Files</Filter>
    </ClInclude>
    <ClInclude Include="..\..\wii\hankaku.h">
      <Filter>Header Files</Filter>
    </ClInclude>
    <ClInclude Include="..\..\wii\menu.h">
      <Filter>Header Files</Filter>
    </ClInclude>
    <ClInclude Include="..\..\wii\sblaster.h">
      <Filter>Header Files</Filter>
    </ClInclude>
    <ClInclude Include="..\..\wii\video.h">
      <Filter>Header Files</Filter>
    </ClInclude>
    <ClInclude Include="..\..\wii\wiiport.h">
      <Filter>Header Files</Filter>
    </ClInclude>
    <ClInclude Include="..\..\xbox\control.h">
      <Filter>Header Files</Filter>
    </ClInclude>
    <ClInclude Include="..\..\xbox\sblaster.h">
      <Filter>Header Files</Filter>
    </ClInclude>
    <ClInclude Include="..\..\xbox\vga.h">
      <Filter>Header Files</Filter>
    </ClInclude>
    <ClInclude Include="..\..\xbox\video.h">
      <Filter>Header Files</Filter>
    </ClInclude>
    <ClInclude Include="..\..\xbox\common\include\png.h">
      <Filter>Header Files</Filter>
    </ClInclude>
    <ClInclude Include="..\..\xbox\common\include\pngconf.h">
      <Filter>Header Files</Filter>
    </ClInclude>
    <ClInclude Include="..\..\xbox\common\include\xbapp.h">
      <Filter>Header Files</Filter>
    </ClInclude>
    <ClInclude Include="..\..\xbox\common\include\xbfont.h">
      <Filter>Header Files</Filter>
    </ClInclude>
    <ClInclude Include="..\..\xbox\common\include\xbhelp.h">
      <Filter>Header Files</Filter>
    </ClInclude>
    <ClInclude Include="..\..\xbox\common\include\xbinput.h">
      <Filter>Header Files</Filter>
    </ClInclude>
    <ClInclude Include="..\..\xbox\common\include\xbmesh.h">
      <Filter>Header Files</Filter>
    </ClInclude>
    <ClInclude Include="..\..\xbox\common\include\xbresource.h">
      <Filter>Header Files</Filter>
    </ClInclude>
    <ClInclude Include="..\..\xbox\common\include\xbsound.h">
      <Filter>Header Files</Filter>
    </ClInclude>
    <ClInclude Include="..\..\xbox\common\include\xbstopwatch.h">
      <Filter>Header Files</Filter>
    </ClInclude>
    <ClInclude Include="..\..\xbox\common\include\xbutil.h">
      <Filter>Header Files</Filter>
    </ClInclude>
    <ClInclude Include="..\..\xbox\common\include\zconf.h">
      <Filter>Header Files</Filter>
    </ClInclude>
    <ClInclude Include="..\..\xbox\common\include\zlib.h">
      <Filter>Header Files</Filter>
    </ClInclude>
    <ClInclude Include="..\..\xbox\generic\2xsaiwin.h">
      <Filter>Header Files</Filter>
    </ClInclude>
    <ClInclude Include="..\..\xbox\generic\configuration.h">
      <Filter>Header Files</Filter>
    </ClInclude>
    <ClInclude Include="..\..\xbox\generic\custom_launch_params.h">
      <Filter>Header Files</Filter>
    </ClInclude>
    <ClInclude Include="..\..\xbox\generic\gamescreen.h">
      <Filter>Header Files</Filter>
    </ClInclude>
    <ClInclude Include="..\..\xbox\generic\graphicscontext.h">
      <Filter>Header Files</Filter>
    </ClInclude>
    <ClInclude Include="..\..\xbox\generic\iosupport.h">
      <Filter>Header Files</Filter>
    </ClInclude>
    <ClInclude Include="..\..\xbox\generic\keyboard_api.h">
      <Filter>Header Files</Filter>
    </ClInclude>
    <ClInclude Include="..\..\xbox\generic\panel.h">
      <Filter>Header Files</Filter>
    </ClInclude>
    <ClInclude Include="..\..\xbox\generic\skin.h">
      <Filter>Header Files</Filter>
    </ClInclude>
    <ClInclude Include="..\..\xbox\generic\undocumented.h">
      <Filter>Header Files</Filter>
    </ClInclude>
    <ClInclude Include="..\..\xbox\generic\wnaspi32.h">
      <Filter>Header Files</Filter>
    </ClInclude>
    <ClInclude Include="..\..\xbox\generic\xboxport.h">
      <Filter>Header Files</Filter>
    </ClInclude>
    <ClInclude Include="..\..\xbox\generic\xmldocument.h">
      <Filter>Header Files</Filter>
    </ClInclude>
    <ClInclude Include="..\..\xbox\generic\SndXBOX.hxx">
      <Filter>Header Files</Filter>
    </ClInclude>
    <ClInclude Include="recursive_damage.h">
      <Filter>Header Files</Filter>
    </ClInclude>
    <ClInclude Include="..\..\source\openborscript\drawmethod.h">
      <Filter>Header Files</Filter>
    </ClInclude>
  </ItemGroup>
  <ItemGroup>
    <Image Include="..\..\resources\BOR_Menu_Font_1.gif">
      <Filter>Resource Files</Filter>
    </Image>
    <Image Include="..\..\resources\BOR_Menu_Font_2.gif">
      <Filter>Resource Files</Filter>
    </Image>
    <Image Include="..\..\resources\BOR_Menu_Font_3.gif">
      <Filter>Resource Files</Filter>
    </Image>
    <Image Include="..\..\android\res\drawable-hdpi\icon.png">
      <Filter>Resource Files</Filter>
    </Image>
    <Image Include="..\..\android\res\drawable-ldpi\icon.png">
      <Filter>Resource Files</Filter>
    </Image>
    <Image Include="..\..\android\res\drawable-mdpi\icon.png">
      <Filter>Resource Files</Filter>
    </Image>
    <Image Include="..\..\resources\OpenBOR_Icon_128x128.png">
      <Filter>Resource Files</Filter>
    </Image>
    <Image Include="..\..\resources\OpenBOR_Icon_128x48.png">
      <Filter>Resource Files</Filter>
    </Image>
    <Image Include="..\..\resources\OpenBOR_Icon_144x80.png">
      <Filter>Resource Files</Filter>
    </Image>
    <Image Include="..\..\resources\OpenBOR_Logo_320x240.png">
      <Filter>Resource Files</Filter>
    </Image>
    <Image Include="..\..\resources\OpenBOR_Logo_320x240_Link.png">
      <Filter>Resource Files</Filter>
    </Image>
    <Image Include="..\..\resources\OpenBOR_Logo_480x272.png">
      <Filter>Resource Files</Filter>
    </Image>
    <Image Include="..\..\resources\OpenBOR_Logo_480x272_Link.png">
      <Filter>Resource Files</Filter>
    </Image>
    <Image Include="..\..\resources\OpenBOR_Menu_320x240.png">
      <Filter>Resource Files</Filter>
    </Image>
    <Image Include="..\..\resources\OpenBOR_Menu_320x240_Consoles.png">
      <Filter>Resource Files</Filter>
    </Image>
    <Image Include="..\..\resources\OpenBOR_Menu_320x240_Sony.png">
      <Filter>Resource Files</Filter>
    </Image>
    <Image Include="..\..\resources\OpenBOR_Menu_480x272.png">
      <Filter>Resource Files</Filter>
    </Image>
    <Image Include="..\..\resources\OpenBOR_Menu_480x272_Consoles.png">
      <Filter>Resource Files</Filter>
    </Image>
    <Image Include="..\..\resources\OpenBOR_Menu_480x272_Sony.png">
      <Filter>Resource Files</Filter>
    </Image>
    <Image Include="..\..\resources\vita_icon.png">
      <Filter>Resource Files</Filter>
    </Image>
  </ItemGroup>
  <ItemGroup>
    <Text Include="..\..\translation.txt" />
    <Text Include="..\..\android\proguard-project.txt" />
    <Text Include="..\..\android\Readthis.txt" />
    <Text Include="..\..\android\jni\openbor\Development.txt" />
    <Text Include="..\..\releases\COMPILING.txt" />
    <Text Include="..\..\releases\LICENSE.txt" />
    <Text Include="..\..\releases\README.txt" />
    <Text Include="..\..\releases\translation.txt" />
    <Text Include="..\..\resources\PSP Readme.txt" />
  </ItemGroup>
</Project>