<?xml version="1.0" encoding="UTF-8" standalone="yes" ?>
<CodeBlocks_project_file>
	<FileVersion major="1" minor="6" />
	<Project>
		<Option title="OpenBOR" />
		<Option makefile_is_custom="1" />
		<Option execution_dir="../../engine" />
		<Option pch_mode="2" />
		<Option compiler="gcc" />
		<Build>
			<Target title="Debug">
				<Option output="../OpenBOR" prefix_auto="1" extension_auto="1" />
				<Option object_output="obj/Debug/" />
				<Option type="1" />
				<Option compiler="gcc" />
				<Compiler>
					<Add option="-g" />
				</Compiler>
				<Environment>
					<Variable name="platform" value="BUILD_WIN=$(release)" />
					<Variable name="release" value="0" />
				</Environment>
				<MakeCommands>
					<Build command="..\tools\bin\make $platform" />
					<CompileFile command="..\tools\bin\make $platform $file" />
					<Clean command="..\tools\bin\make $platform clean" />
					<DistClean command="$make -f $makefile distclean$target" />
					<AskRebuildNeeded command="..\tools\bin\make -q $platform" />
					<SilentBuild command="..\tools\bin\make -s $platform" />
				</MakeCommands>
			</Target>
			<Target title="Release">
				<Option output="../OpenBOR" prefix_auto="1" extension_auto="1" />
				<Option object_output="obj/Release/" />
				<Option type="1" />
				<Option compiler="gcc" />
				<Compiler>
					<Add option="-O2" />
				</Compiler>
				<Linker>
					<Add option="-s" />
				</Linker>
				<Environment>
					<Variable name="platform" value="BUILD_WIN=$(release)" />
					<Variable name="release" value="1" />
				</Environment>
				<MakeCommands>
					<Build command="..\tools\bin\make $platform" />
					<CompileFile command="..\tools\bin\make $platform $file" />
					<Clean command="..\tools\bin\make $platform clean" />
					<DistClean command="$make -f $makefile distclean$target" />
					<AskRebuildNeeded command="..\tools\bin\make -q $platform" />
					<SilentBuild command="..\tools\bin\make -s $platform" />
				</MakeCommands>
			</Target>
		</Build>
		<Compiler>
			<Add option="-Wall" />
		</Compiler>
		<Unit filename="../android/jni/openbor/SDL_android_main.cpp">
			<Option target="Release" />
		</Unit>
		<Unit filename="../android/jni/openbor/button_png_800x480.h">
			<Option target="Release" />
		</Unit>
		<Unit filename="../android/jni/openbor/include/ogg/config_types.h">
			<Option target="Release" />
		</Unit>
		<Unit filename="../android/jni/openbor/include/ogg/ogg.h">
			<Option target="Release" />
		</Unit>
		<Unit filename="../android/jni/openbor/include/ogg/os_types.h">
			<Option target="Release" />
		</Unit>
		<Unit filename="../android/jni/openbor/include/png/png.h">
			<Option target="Release" />
		</Unit>
		<Unit filename="../android/jni/openbor/include/png/pngconf.h">
			<Option target="Release" />
		</Unit>
		<Unit filename="../android/jni/openbor/include/png/pnglibconf.h">
			<Option target="Release" />
		</Unit>
		<Unit filename="../android/jni/openbor/include/sdl/SDL.h">
			<Option target="Release" />
		</Unit>
		<Unit filename="../android/jni/openbor/include/sdl/SDL_assert.h">
			<Option target="Release" />
		</Unit>
		<Unit filename="../android/jni/openbor/include/sdl/SDL_atomic.h">
			<Option target="Release" />
		</Unit>
		<Unit filename="../android/jni/openbor/include/sdl/SDL_audio.h">
			<Option target="Release" />
		</Unit>
		<Unit filename="../android/jni/openbor/include/sdl/SDL_bits.h">
			<Option target="Release" />
		</Unit>
		<Unit filename="../android/jni/openbor/include/sdl/SDL_blendmode.h">
			<Option target="Release" />
		</Unit>
		<Unit filename="../android/jni/openbor/include/sdl/SDL_clipboard.h">
			<Option target="Release" />
		</Unit>
		<Unit filename="../android/jni/openbor/include/sdl/SDL_config.h">
			<Option target="Release" />
		</Unit>
		<Unit filename="../android/jni/openbor/include/sdl/SDL_config_android.h">
			<Option target="Release" />
		</Unit>
		<Unit filename="../android/jni/openbor/include/sdl/SDL_config_iphoneos.h">
			<Option target="Release" />
		</Unit>
		<Unit filename="../android/jni/openbor/include/sdl/SDL_config_macosx.h">
			<Option target="Release" />
		</Unit>
		<Unit filename="../android/jni/openbor/include/sdl/SDL_config_minimal.h">
			<Option target="Release" />
		</Unit>
		<Unit filename="../android/jni/openbor/include/sdl/SDL_config_pandora.h">
			<Option target="Release" />
		</Unit>
		<Unit filename="../android/jni/openbor/include/sdl/SDL_config_psp.h">
			<Option target="Release" />
		</Unit>
		<Unit filename="../android/jni/openbor/include/sdl/SDL_config_windows.h">
			<Option target="Release" />
		</Unit>
		<Unit filename="../android/jni/openbor/include/sdl/SDL_config_wiz.h">
			<Option target="Release" />
		</Unit>
		<Unit filename="../android/jni/openbor/include/sdl/SDL_copying.h">
			<Option target="Release" />
		</Unit>
		<Unit filename="../android/jni/openbor/include/sdl/SDL_cpuinfo.h">
			<Option target="Release" />
		</Unit>
		<Unit filename="../android/jni/openbor/include/sdl/SDL_endian.h">
			<Option target="Release" />
		</Unit>
		<Unit filename="../android/jni/openbor/include/sdl/SDL_error.h">
			<Option target="Release" />
		</Unit>
		<Unit filename="../android/jni/openbor/include/sdl/SDL_events.h">
			<Option target="Release" />
		</Unit>
		<Unit filename="../android/jni/openbor/include/sdl/SDL_filesystem.h">
			<Option target="Release" />
		</Unit>
		<Unit filename="../android/jni/openbor/include/sdl/SDL_gamecontroller.h">
			<Option target="Release" />
		</Unit>
		<Unit filename="../android/jni/openbor/include/sdl/SDL_gesture.h">
			<Option target="Release" />
		</Unit>
		<Unit filename="../android/jni/openbor/include/sdl/SDL_haptic.h">
			<Option target="Release" />
		</Unit>
		<Unit filename="../android/jni/openbor/include/sdl/SDL_hints.h">
			<Option target="Release" />
		</Unit>
		<Unit filename="../android/jni/openbor/include/sdl/SDL_joystick.h">
			<Option target="Release" />
		</Unit>
		<Unit filename="../android/jni/openbor/include/sdl/SDL_keyboard.h">
			<Option target="Release" />
		</Unit>
		<Unit filename="../android/jni/openbor/include/sdl/SDL_keycode.h">
			<Option target="Release" />
		</Unit>
		<Unit filename="../android/jni/openbor/include/sdl/SDL_loadso.h">
			<Option target="Release" />
		</Unit>
		<Unit filename="../android/jni/openbor/include/sdl/SDL_log.h">
			<Option target="Release" />
		</Unit>
		<Unit filename="../android/jni/openbor/include/sdl/SDL_main.h">
			<Option target="Release" />
		</Unit>
		<Unit filename="../android/jni/openbor/include/sdl/SDL_messagebox.h">
			<Option target="Release" />
		</Unit>
		<Unit filename="../android/jni/openbor/include/sdl/SDL_mouse.h">
			<Option target="Release" />
		</Unit>
		<Unit filename="../android/jni/openbor/include/sdl/SDL_mutex.h">
			<Option target="Release" />
		</Unit>
		<Unit filename="../android/jni/openbor/include/sdl/SDL_name.h">
			<Option target="Release" />
		</Unit>
		<Unit filename="../android/jni/openbor/include/sdl/SDL_opengl.h">
			<Option target="Release" />
		</Unit>
		<Unit filename="../android/jni/openbor/include/sdl/SDL_opengles.h">
			<Option target="Release" />
		</Unit>
		<Unit filename="../android/jni/openbor/include/sdl/SDL_opengles2.h">
			<Option target="Release" />
		</Unit>
		<Unit filename="../android/jni/openbor/include/sdl/SDL_pixels.h">
			<Option target="Release" />
		</Unit>
		<Unit filename="../android/jni/openbor/include/sdl/SDL_platform.h">
			<Option target="Release" />
		</Unit>
		<Unit filename="../android/jni/openbor/include/sdl/SDL_power.h">
			<Option target="Release" />
		</Unit>
		<Unit filename="../android/jni/openbor/include/sdl/SDL_quit.h">
			<Option target="Release" />
		</Unit>
		<Unit filename="../android/jni/openbor/include/sdl/SDL_rect.h">
			<Option target="Release" />
		</Unit>
		<Unit filename="../android/jni/openbor/include/sdl/SDL_render.h">
			<Option target="Release" />
		</Unit>
		<Unit filename="../android/jni/openbor/include/sdl/SDL_revision.h">
			<Option target="Release" />
		</Unit>
		<Unit filename="../android/jni/openbor/include/sdl/SDL_rwops.h">
			<Option target="Release" />
		</Unit>
		<Unit filename="../android/jni/openbor/include/sdl/SDL_scancode.h">
			<Option target="Release" />
		</Unit>
		<Unit filename="../android/jni/openbor/include/sdl/SDL_shape.h">
			<Option target="Release" />
		</Unit>
		<Unit filename="../android/jni/openbor/include/sdl/SDL_stdinc.h">
			<Option target="Release" />
		</Unit>
		<Unit filename="../android/jni/openbor/include/sdl/SDL_surface.h">
			<Option target="Release" />
		</Unit>
		<Unit filename="../android/jni/openbor/include/sdl/SDL_system.h">
			<Option target="Release" />
		</Unit>
		<Unit filename="../android/jni/openbor/include/sdl/SDL_syswm.h">
			<Option target="Release" />
		</Unit>
		<Unit filename="../android/jni/openbor/include/sdl/SDL_test.h">
			<Option target="Release" />
		</Unit>
		<Unit filename="../android/jni/openbor/include/sdl/SDL_test_assert.h">
			<Option target="Release" />
		</Unit>
		<Unit filename="../android/jni/openbor/include/sdl/SDL_test_common.h">
			<Option target="Release" />
		</Unit>
		<Unit filename="../android/jni/openbor/include/sdl/SDL_test_compare.h">
			<Option target="Release" />
		</Unit>
		<Unit filename="../android/jni/openbor/include/sdl/SDL_test_crc32.h">
			<Option target="Release" />
		</Unit>
		<Unit filename="../android/jni/openbor/include/sdl/SDL_test_font.h">
			<Option target="Release" />
		</Unit>
		<Unit filename="../android/jni/openbor/include/sdl/SDL_test_fuzzer.h">
			<Option target="Release" />
		</Unit>
		<Unit filename="../android/jni/openbor/include/sdl/SDL_test_harness.h">
			<Option target="Release" />
		</Unit>
		<Unit filename="../android/jni/openbor/include/sdl/SDL_test_images.h">
			<Option target="Release" />
		</Unit>
		<Unit filename="../android/jni/openbor/include/sdl/SDL_test_log.h">
			<Option target="Release" />
		</Unit>
		<Unit filename="../android/jni/openbor/include/sdl/SDL_test_md5.h">
			<Option target="Release" />
		</Unit>
		<Unit filename="../android/jni/openbor/include/sdl/SDL_test_random.h">
			<Option target="Release" />
		</Unit>
		<Unit filename="../android/jni/openbor/include/sdl/SDL_thread.h">
			<Option target="Release" />
		</Unit>
		<Unit filename="../android/jni/openbor/include/sdl/SDL_timer.h">
			<Option target="Release" />
		</Unit>
		<Unit filename="../android/jni/openbor/include/sdl/SDL_touch.h">
			<Option target="Release" />
		</Unit>
		<Unit filename="../android/jni/openbor/include/sdl/SDL_types.h">
			<Option target="Release" />
		</Unit>
		<Unit filename="../android/jni/openbor/include/sdl/SDL_version.h">
			<Option target="Release" />
		</Unit>
		<Unit filename="../android/jni/openbor/include/sdl/SDL_video.h">
			<Option target="Release" />
		</Unit>
		<Unit filename="../android/jni/openbor/include/sdl/begin_code.h">
			<Option target="Release" />
		</Unit>
		<Unit filename="../android/jni/openbor/include/sdl/close_code.h">
			<Option target="Release" />
		</Unit>
		<Unit filename="../android/jni/openbor/include/tremor/ivorbiscodec.h">
			<Option target="Release" />
		</Unit>
		<Unit filename="../android/jni/openbor/include/tremor/ivorbisfile.h">
			<Option target="Release" />
		</Unit>
		<Unit filename="../android/jni/openbor/include/vpx/svc_context.h">
			<Option target="Release" />
		</Unit>
		<Unit filename="../android/jni/openbor/include/vpx/vp8.h">
			<Option target="Release" />
		</Unit>
		<Unit filename="../android/jni/openbor/include/vpx/vp8cx.h">
			<Option target="Release" />
		</Unit>
		<Unit filename="../android/jni/openbor/include/vpx/vp8dx.h">
			<Option target="Release" />
		</Unit>
		<Unit filename="../android/jni/openbor/include/vpx/vpx_codec.h">
			<Option target="Release" />
		</Unit>
		<Unit filename="../android/jni/openbor/include/vpx/vpx_decoder.h">
			<Option target="Release" />
		</Unit>
		<Unit filename="../android/jni/openbor/include/vpx/vpx_encoder.h">
			<Option target="Release" />
		</Unit>
		<Unit filename="../android/jni/openbor/include/vpx/vpx_frame_buffer.h">
			<Option target="Release" />
		</Unit>
		<Unit filename="../android/jni/openbor/include/vpx/vpx_image.h">
			<Option target="Release" />
		</Unit>
		<Unit filename="../android/jni/openbor/include/vpx/vpx_integer.h">
			<Option target="Release" />
		</Unit>
		<Unit filename="../android/jni/openbor/jniutils.cpp">
			<Option target="Release" />
		</Unit>
		<Unit filename="../android/jni/openbor/video.c">
			<Option compilerVar="CC" />
			<Option target="Release" />
		</Unit>
		<Unit filename="../android/src/org/libsdl/app/SDLActivity.java">
			<Option target="Release" />
		</Unit>
		<Unit filename="../dc/bios.h">
			<Option target="Release" />
		</Unit>
		<Unit filename="../dc/bios.s">
			<Option target="Release" />
		</Unit>
		<Unit filename="../dc/control.c">
			<Option compilerVar="CC" />
			<Option target="Release" />
		</Unit>
		<Unit filename="../dc/control.h">
			<Option target="Release" />
		</Unit>
		<Unit filename="../dc/dcport.c">
			<Option compilerVar="CC" />
			<Option target="Release" />
		</Unit>
		<Unit filename="../dc/dcport.h">
			<Option target="Release" />
		</Unit>
		<Unit filename="../dc/gdrom.c">
			<Option compilerVar="CC" />
			<Option target="Release" />
		</Unit>
		<Unit filename="../dc/gdrom.h">
			<Option target="Release" />
		</Unit>
		<Unit filename="../dc/sblaster.c">
			<Option compilerVar="CC" />
			<Option target="Release" />
		</Unit>
		<Unit filename="../dc/sblaster.h">
			<Option target="Release" />
		</Unit>
		<Unit filename="../dc/timer.c">
			<Option compilerVar="CC" />
			<Option target="Release" />
		</Unit>
		<Unit filename="../dc/video.c">
			<Option compilerVar="CC" />
			<Option target="Release" />
		</Unit>
		<Unit filename="../dc/video.h">
			<Option target="Release" />
		</Unit>
		<Unit filename="../openbor.c">
			<Option compilerVar="CC" />
			<Option target="Release" />
		</Unit>
		<Unit filename="../openbor.h">
			<Option target="Release" />
		</Unit>
		<Unit filename="../openborscript.c">
			<Option compilerVar="CC" />
			<Option target="Release" />
		</Unit>
		<Unit filename="../psp/audiodrv.c">
			<Option compilerVar="CC" />
			<Option target="Release" />
		</Unit>
		<Unit filename="../psp/audiodrv.h">
			<Option target="Release" />
		</Unit>
		<Unit filename="../psp/control.c">
			<Option compilerVar="CC" />
			<Option target="Release" />
		</Unit>
		<Unit filename="../psp/control.h">
			<Option target="Release" />
		</Unit>
		<Unit filename="../psp/control/control.S">
			<Option target="Release" />
		</Unit>
		<Unit filename="../psp/control/control.h">
			<Option target="Release" />
		</Unit>
		<Unit filename="../psp/control/main.c">
			<Option compilerVar="CC" />
			<Option target="Release" />
		</Unit>
		<Unit filename="../psp/dvemgr/dvemgr.S">
			<Option target="Release" />
		</Unit>
		<Unit filename="../psp/dvemgr/dvemgr.h">
			<Option target="Release" />
		</Unit>
		<Unit filename="../psp/exception/exception_asm.S">
			<Option target="Release" />
		</Unit>
		<Unit filename="../psp/exception/main.c">
			<Option compilerVar="CC" />
			<Option target="Release" />
		</Unit>
		<Unit filename="../psp/graphics.c">
			<Option compilerVar="CC" />
			<Option target="Release" />
		</Unit>
		<Unit filename="../psp/graphics.h">
			<Option target="Release" />
		</Unit>
		<Unit filename="../psp/hankaku.c">
			<Option compilerVar="CC" />
			<Option target="Release" />
		</Unit>
		<Unit filename="../psp/image.c">
			<Option compilerVar="CC" />
			<Option target="Release" />
		</Unit>
		<Unit filename="../psp/image.h">
			<Option target="Release" />
		</Unit>
		<Unit filename="../psp/kernel/kernel.S">
			<Option target="Release" />
		</Unit>
		<Unit filename="../psp/kernel/kernel.h">
			<Option target="Release" />
		</Unit>
		<Unit filename="../psp/kernel/main.c">
			<Option compilerVar="CC" />
			<Option target="Release" />
		</Unit>
		<Unit filename="../psp/menu.c">
			<Option compilerVar="CC" />
			<Option target="Release" />
		</Unit>
		<Unit filename="../psp/menu.h">
			<Option target="Release" />
		</Unit>
		<Unit filename="../psp/netcomm.c">
			<Option compilerVar="CC" />
			<Option target="Release" />
		</Unit>
		<Unit filename="../psp/netcomm.h">
			<Option target="Release" />
		</Unit>
		<Unit filename="../psp/pspport.c">
			<Option compilerVar="CC" />
			<Option target="Release" />
		</Unit>
		<Unit filename="../psp/pspport.h">
			<Option target="Release" />
		</Unit>
		<Unit filename="../psp/sblaster.c">
			<Option compilerVar="CC" />
			<Option target="Release" />
		</Unit>
		<Unit filename="../psp/sblaster.h">
			<Option target="Release" />
		</Unit>
		<Unit filename="../psp/timer.c">
			<Option compilerVar="CC" />
			<Option target="Release" />
		</Unit>
		<Unit filename="../psp/vertex.c">
			<Option compilerVar="CC" />
			<Option target="Release" />
		</Unit>
		<Unit filename="../psp/vertex.h">
			<Option target="Release" />
		</Unit>
		<Unit filename="../psp/video.c">
			<Option compilerVar="CC" />
			<Option target="Release" />
		</Unit>
		<Unit filename="../psp/video.h">
			<Option target="Release" />
		</Unit>
		<Unit filename="../resources/OpenBOR.res">
			<Option target="Release" />
		</Unit>
		<Unit filename="../resources/OpenBOR_Icon_128x128.h">
			<Option target="Release" />
		</Unit>
		<Unit filename="../resources/OpenBOR_Icon_128x128_png.h">
			<Option target="Release" />
		</Unit>
		<Unit filename="../resources/OpenBOR_Icon_128x48_png.h">
			<Option target="Release" />
		</Unit>
		<Unit filename="../resources/OpenBOR_Icon_144x80_png.h">
			<Option target="Release" />
		</Unit>
		<Unit filename="../resources/OpenBOR_Icon_32x32.h">
			<Option target="Release" />
		</Unit>
		<Unit filename="../resources/OpenBOR_Icon_32x32_png.h">
			<Option target="Release" />
		</Unit>
		<Unit filename="../resources/OpenBOR_Logo_320x240.h">
			<Option target="Release" />
		</Unit>
		<Unit filename="../resources/OpenBOR_Logo_320x240_Link.h">
			<Option target="Release" />
		</Unit>
		<Unit filename="../resources/OpenBOR_Logo_320x240_Link_png.h">
			<Option target="Release" />
		</Unit>
		<Unit filename="../resources/OpenBOR_Logo_320x240_png.h">
			<Option target="Release" />
		</Unit>
		<Unit filename="../resources/OpenBOR_Logo_480x272.h">
			<Option target="Release" />
		</Unit>
		<Unit filename="../resources/OpenBOR_Logo_480x272_Link.h">
			<Option target="Release" />
		</Unit>
		<Unit filename="../resources/OpenBOR_Logo_480x272_Link_png.h">
			<Option target="Release" />
		</Unit>
		<Unit filename="../resources/OpenBOR_Logo_480x272_png.h">
			<Option target="Release" />
		</Unit>
		<Unit filename="../resources/OpenBOR_Menu_320x240.h">
			<Option target="Release" />
		</Unit>
		<Unit filename="../resources/OpenBOR_Menu_320x240_Consoles_png.h">
			<Option target="Release" />
		</Unit>
		<Unit filename="../resources/OpenBOR_Menu_320x240_Sony_png.h">
			<Option target="Release" />
		</Unit>
		<Unit filename="../resources/OpenBOR_Menu_320x240_png.h">
			<Option target="Release" />
		</Unit>
		<Unit filename="../resources/OpenBOR_Menu_480x272.h">
			<Option target="Release" />
		</Unit>
		<Unit filename="../resources/OpenBOR_Menu_480x272_Consoles_png.h">
			<Option target="Release" />
		</Unit>
		<Unit filename="../resources/OpenBOR_Menu_480x272_Sony_png.h">
			<Option target="Release" />
		</Unit>
		<Unit filename="../resources/OpenBOR_Menu_480x272_png.h">
			<Option target="Release" />
		</Unit>
		<Unit filename="../resources/logviewer_320x240_png.h">
			<Option target="Release" />
		</Unit>
		<Unit filename="../resources/logviewer_480x272_png.h">
			<Option target="Release" />
		</Unit>
		<Unit filename="../sdl/control.c">
			<Option compilerVar="CC" />
			<Option target="Release" />
		</Unit>
		<Unit filename="../sdl/control.h">
			<Option target="Release" />
		</Unit>
		<Unit filename="../sdl/gp2x/gp2xport.c">
			<Option compilerVar="CC" />
			<Option target="Release" />
		</Unit>
		<Unit filename="../sdl/gp2x/gp2xport.h">
			<Option target="Release" />
		</Unit>
		<Unit filename="../sdl/hankaku.h">
			<Option target="Release" />
		</Unit>
		<Unit filename="../sdl/joysticks.c">
			<Option compilerVar="CC" />
			<Option target="Release" />
		</Unit>
		<Unit filename="../sdl/joysticks.h">
			<Option target="Release" />
		</Unit>
		<Unit filename="../sdl/loadgl.c">
			<Option compilerVar="CC" />
			<Option target="Release" />
		</Unit>
		<Unit filename="../sdl/loadgl.h">
			<Option target="Release" />
		</Unit>
		<Unit filename="../sdl/menu.c">
			<Option compilerVar="CC" />
			<Option target="Release" />
		</Unit>
		<Unit filename="../sdl/menu.h">
			<Option target="Release" />
		</Unit>
		<Unit filename="../sdl/opengl.c">
			<Option compilerVar="CC" />
			<Option target="Release" />
		</Unit>
		<Unit filename="../sdl/opengl.h">
			<Option target="Release" />
		</Unit>
		<Unit filename="../sdl/sblaster.c">
			<Option compilerVar="CC" />
			<Option target="Release" />
		</Unit>
		<Unit filename="../sdl/sblaster.h">
			<Option target="Release" />
		</Unit>
		<Unit filename="../sdl/sdlport.c">
			<Option compilerVar="CC" />
			<Option target="Release" />
		</Unit>
		<Unit filename="../sdl/sdlport.h">
			<Option target="Release" />
		</Unit>
		<Unit filename="../sdl/threads.c">
			<Option compilerVar="CC" />
			<Option target="Release" />
		</Unit>
		<Unit filename="../sdl/timer.c">
			<Option compilerVar="CC" />
			<Option target="Release" />
		</Unit>
		<Unit filename="../sdl/video.c">
			<Option compilerVar="CC" />
			<Option target="Release" />
		</Unit>
		<Unit filename="../sdl/video.h">
			<Option target="Release" />
		</Unit>
		<Unit filename="../sdl/videocommon.c">
			<Option compilerVar="CC" />
			<Option target="Release" />
		</Unit>
		<Unit filename="../sdl/videocommon.h">
			<Option target="Release" />
		</Unit>
		<Unit filename="../source/adpcmlib/adpcm.c">
			<Option compilerVar="CC" />
			<Option target="Release" />
		</Unit>
		<Unit filename="../source/adpcmlib/adpcm.h">
			<Option target="Release" />
		</Unit>
		<Unit filename="../source/gamelib/anigif.c">
			<Option compilerVar="CC" />
			<Option target="Release" />
		</Unit>
		<Unit filename="../source/gamelib/anigif.h">
			<Option target="Release" />
		</Unit>
		<Unit filename="../source/gamelib/bitmap.c">
			<Option compilerVar="CC" />
			<Option target="Release" />
		</Unit>
		<Unit filename="../source/gamelib/bitmap.h">
			<Option target="Release" />
		</Unit>
		<Unit filename="../source/gamelib/borendian.h">
			<Option target="Release" />
		</Unit>
		<Unit filename="../source/gamelib/commands.c">
			<Option compilerVar="CC" />
			<Option target="Release" />
		</Unit>
		<Unit filename="../source/gamelib/commands.h">
			<Option target="Release" />
		</Unit>
		<Unit filename="../source/gamelib/draw.c">
			<Option compilerVar="CC" />
			<Option target="Release" />
		</Unit>
		<Unit filename="../source/gamelib/draw.h">
			<Option target="Release" />
		</Unit>
		<Unit filename="../source/gamelib/draw16.c">
			<Option compilerVar="CC" />
			<Option target="Release" />
		</Unit>
		<Unit filename="../source/gamelib/draw32.c">
			<Option compilerVar="CC" />
			<Option target="Release" />
		</Unit>
		<Unit filename="../source/gamelib/filecache.c">
			<Option compilerVar="CC" />
			<Option target="Release" />
		</Unit>
		<Unit filename="../source/gamelib/filecache.h">
			<Option target="Release" />
		</Unit>
		<Unit filename="../source/gamelib/filters.c">
			<Option compilerVar="CC" />
			<Option target="Release" />
		</Unit>
		<Unit filename="../source/gamelib/filters.h">
			<Option target="Release" />
		</Unit>
		<Unit filename="../source/gamelib/font.c">
			<Option compilerVar="CC" />
			<Option target="Release" />
		</Unit>
		<Unit filename="../source/gamelib/font.h">
			<Option target="Release" />
		</Unit>
		<Unit filename="../source/gamelib/loadimg.c">
			<Option compilerVar="CC" />
			<Option target="Release" />
		</Unit>
		<Unit filename="../source/gamelib/loadimg.h">
			<Option target="Release" />
		</Unit>
		<Unit filename="../source/gamelib/models.c">
			<Option compilerVar="CC" />
			<Option target="Release" />
		</Unit>
		<Unit filename="../source/gamelib/models.h">
			<Option target="Release" />
		</Unit>
		<Unit filename="../source/gamelib/packfile.c">
			<Option compilerVar="CC" />
			<Option target="Release" />
		</Unit>
		<Unit filename="../source/gamelib/packfile.h">
			<Option target="Release" />
		</Unit>
		<Unit filename="../source/gamelib/palette.c">
			<Option compilerVar="CC" />
			<Option target="Release" />
		</Unit>
		<Unit filename="../source/gamelib/palette.h">
			<Option target="Release" />
		</Unit>
		<Unit filename="../source/gamelib/pixelformat.c">
			<Option compilerVar="CC" />
			<Option target="Release" />
		</Unit>
		<Unit filename="../source/gamelib/screen.c">
			<Option compilerVar="CC" />
			<Option target="Release" />
		</Unit>
		<Unit filename="../source/gamelib/screen.h">
			<Option target="Release" />
		</Unit>
		<Unit filename="../source/gamelib/screen16.c">
			<Option compilerVar="CC" />
			<Option target="Release" />
		</Unit>
		<Unit filename="../source/gamelib/screen32.c">
			<Option compilerVar="CC" />
			<Option target="Release" />
		</Unit>
		<Unit filename="../source/gamelib/soundmix.c">
			<Option compilerVar="CC" />
			<Option target="Release" />
		</Unit>
		<Unit filename="../source/gamelib/soundmix.h">
			<Option target="Release" />
		</Unit>
		<Unit filename="../source/gamelib/sprite.c">
			<Option compilerVar="CC" />
			<Option target="Release" />
		</Unit>
		<Unit filename="../source/gamelib/sprite.h">
			<Option target="Release" />
		</Unit>
		<Unit filename="../source/gamelib/spriteq.c">
			<Option compilerVar="CC" />
			<Option target="Release" />
		</Unit>
		<Unit filename="../source/gamelib/spriteq.h">
			<Option target="Release" />
		</Unit>
		<Unit filename="../source/gamelib/spritex8p16.c">
			<Option compilerVar="CC" />
			<Option target="Release" />
		</Unit>
		<Unit filename="../source/gamelib/spritex8p32.c">
			<Option compilerVar="CC" />
			<Option target="Release" />
		</Unit>
		<Unit filename="../source/gamelib/threads.h">
			<Option target="Release" />
		</Unit>
		<Unit filename="../source/gamelib/timer.h">
			<Option target="Release" />
		</Unit>
		<Unit filename="../source/gamelib/transform.c">
			<Option compilerVar="CC" />
			<Option target="Release" />
		</Unit>
		<Unit filename="../source/gamelib/transform.h">
			<Option target="Release" />
		</Unit>
		<Unit filename="../source/gamelib/translation.c">
			<Option compilerVar="CC" />
			<Option target="Release" />
		</Unit>
		<Unit filename="../source/gamelib/translation.h">
			<Option target="Release" />
		</Unit>
		<Unit filename="../source/gamelib/types.h">
			<Option target="Release" />
		</Unit>
		<Unit filename="../source/gamelib/vga.h">
			<Option target="Release" />
		</Unit>
		<Unit filename="../source/gamelib/writepixel.h">
			<Option target="Release" />
		</Unit>
		<Unit filename="../source/gfxlib/2xSaI.c">
			<Option compilerVar="CC" />
			<Option target="Release" />
		</Unit>
		<Unit filename="../source/gfxlib/2xSaImmx.asm">
			<Option target="Release" />
		</Unit>
		<Unit filename="../source/gfxlib/bilinear.c">
			<Option compilerVar="CC" />
			<Option target="Release" />
		</Unit>
		<Unit filename="../source/gfxlib/bilinearmmx.asm">
			<Option target="Release" />
		</Unit>
		<Unit filename="../source/gfxlib/dotmatrix.c">
			<Option compilerVar="CC" />
			<Option target="Release" />
		</Unit>
		<Unit filename="../source/gfxlib/gfx.c">
			<Option compilerVar="CC" />
			<Option target="Release" />
		</Unit>
		<Unit filename="../source/gfxlib/gfx.h">
			<Option target="Release" />
		</Unit>
		<Unit filename="../source/gfxlib/gfxtypes.h">
			<Option target="Release" />
		</Unit>
		<Unit filename="../source/gfxlib/hq2x.c">
			<Option compilerVar="CC" />
			<Option target="Release" />
		</Unit>
		<Unit filename="../source/gfxlib/hq2x.h">
			<Option target="Release" />
		</Unit>
		<Unit filename="../source/gfxlib/hq2x16mmx.asm">
			<Option target="Release" />
		</Unit>
		<Unit filename="../source/gfxlib/interp.h">
			<Option target="Release" />
		</Unit>
		<Unit filename="../source/gfxlib/lq2x.h">
			<Option target="Release" />
		</Unit>
		<Unit filename="../source/gfxlib/scale2x.c">
			<Option compilerVar="CC" />
			<Option target="Release" />
		</Unit>
		<Unit filename="../source/gfxlib/scanline.c">
			<Option compilerVar="CC" />
			<Option target="Release" />
		</Unit>
		<Unit filename="../source/gfxlib/simple2x.c">
			<Option compilerVar="CC" />
			<Option target="Release" />
		</Unit>
		<Unit filename="../source/gfxlib/tv2x.c">
			<Option compilerVar="CC" />
			<Option target="Release" />
		</Unit>
		<Unit filename="../source/globals.h">
			<Option target="Release" />
		</Unit>
		<Unit filename="../source/omath.c">
			<Option compilerVar="CC" />
			<Option target="Release" />
		</Unit>
		<Unit filename="../source/omath.h">
			<Option target="Release" />
		</Unit>
		<Unit filename="../source/openborscript/animation.c">
			<Option compilerVar="CC" />
			<Option target="Release" />
		</Unit>
		<Unit filename="../source/openborscript/binding.c">
			<Option compilerVar="CC" />
		</Unit>
		<Unit filename="../source/openborscript/binding.h" />
		<Unit filename="../source/openborscript/collision_attack.c">
			<Option compilerVar="CC" />
			<Option target="Release" />
		</Unit>
		<Unit filename="../source/openborscript/collision_body.c">
			<Option compilerVar="CC" />
			<Option target="Release" />
		</Unit>
		<Unit filename="../source/openborscript/collision_coordinates.c">
			<Option compilerVar="CC" />
		</Unit>
		<Unit filename="../source/openborscript/config.h">
			<Option target="Release" />
		</Unit>
		<Unit filename="../source/openborscript/constant.c">
			<Option compilerVar="CC" />
			<Option target="Release" />
		</Unit>
		<Unit filename="../source/openborscript/entity.c">
			<Option compilerVar="CC" />
		</Unit>
		<Unit filename="../source/openborscript/entity.h" />
		<Unit filename="../source/openborscript/index.c">
			<Option compilerVar="CC" />
			<Option target="Release" />
		</Unit>
		<Unit filename="../source/openborscript/layer.c">
			<Option compilerVar="CC" />
			<Option target="Release" />
		</Unit>
		<Unit filename="../source/openborscript/level.c">
			<Option compilerVar="CC" />
			<Option target="Release" />
		</Unit>
		<Unit filename="../source/openborscript/math.c">
			<Option compilerVar="CC" />
			<Option target="Release" />
		</Unit>
		<Unit filename="../source/openborscript/scriptcommon.h">
			<Option target="Release" />
		</Unit>
		<Unit filename="../source/openborscript/string.c">
			<Option compilerVar="CC" />
			<Option target="Release" />
		</Unit>
		<Unit filename="../source/pnglib/pngdec.c">
			<Option compilerVar="CC" />
			<Option target="Release" />
		</Unit>
		<Unit filename="../source/pnglib/pngdec.h">
			<Option target="Release" />
		</Unit>
		<Unit filename="../source/pnglib/savepng.c">
			<Option compilerVar="CC" />
			<Option target="Release" />
		</Unit>
		<Unit filename="../source/pnglib/savepng.h">
			<Option target="Release" />
		</Unit>
		<Unit filename="../source/preprocessorlib/pp_expr.c">
			<Option compilerVar="CC" />
			<Option target="Release" />
		</Unit>
		<Unit filename="../source/preprocessorlib/pp_expr.h">
			<Option target="Release" />
		</Unit>
		<Unit filename="../source/preprocessorlib/pp_lexer.c">
			<Option compilerVar="CC" />
			<Option target="Release" />
		</Unit>
		<Unit filename="../source/preprocessorlib/pp_lexer.h">
			<Option target="Release" />
		</Unit>
		<Unit filename="../source/preprocessorlib/pp_parser.c">
			<Option compilerVar="CC" />
			<Option target="Release" />
		</Unit>
		<Unit filename="../source/preprocessorlib/pp_parser.h">
			<Option target="Release" />
		</Unit>
		<Unit filename="../source/preprocessorlib/test/calculator.c">
			<Option compilerVar="CC" />
			<Option target="Release" />
		</Unit>
		<Unit filename="../source/preprocessorlib/test/infixparser.c">
			<Option compilerVar="CC" />
			<Option target="Release" />
		</Unit>
		<Unit filename="../source/preprocessorlib/test/pp_test.c">
			<Option compilerVar="CC" />
			<Option target="Release" />
		</Unit>
		<Unit filename="../source/preprocessorlib/test/tmp.c">
			<Option compilerVar="CC" />
			<Option target="Release" />
		</Unit>
		<Unit filename="../source/preprocessorlib/test/tokendiff.c">
			<Option compilerVar="CC" />
			<Option target="Release" />
		</Unit>
		<Unit filename="../source/ramlib/ram.c">
			<Option compilerVar="CC" />
			<Option target="Release" />
		</Unit>
		<Unit filename="../source/ramlib/ram.h">
			<Option target="Release" />
		</Unit>
		<Unit filename="../source/randlib/rand32.c">
			<Option compilerVar="CC" />
			<Option target="Release" />
		</Unit>
		<Unit filename="../source/randlib/rand32.h">
			<Option target="Release" />
		</Unit>
		<Unit filename="../source/safealloc.h">
			<Option target="Release" />
		</Unit>
		<Unit filename="../source/savedata.h">
			<Option target="Release" />
		</Unit>
		<Unit filename="../source/scriptlib/FirstFollow.h">
			<Option target="Release" />
		</Unit>
		<Unit filename="../source/scriptlib/ImportCache.c">
			<Option compilerVar="CC" />
			<Option target="Release" />
		</Unit>
		<Unit filename="../source/scriptlib/ImportCache.h">
			<Option target="Release" />
		</Unit>
		<Unit filename="../source/scriptlib/Instruction.c">
			<Option compilerVar="CC" />
			<Option target="Release" />
		</Unit>
		<Unit filename="../source/scriptlib/Instruction.h">
			<Option target="Release" />
		</Unit>
		<Unit filename="../source/scriptlib/Interpreter.c">
			<Option compilerVar="CC" />
			<Option target="Release" />
		</Unit>
		<Unit filename="../source/scriptlib/Interpreter.h">
			<Option target="Release" />
		</Unit>
		<Unit filename="../source/scriptlib/Lexer.c">
			<Option compilerVar="CC" />
			<Option target="Release" />
		</Unit>
		<Unit filename="../source/scriptlib/Lexer.h">
			<Option target="Release" />
		</Unit>
		<Unit filename="../source/scriptlib/List.c">
			<Option compilerVar="CC" />
			<Option target="Release" />
		</Unit>
		<Unit filename="../source/scriptlib/List.h">
			<Option target="Release" />
		</Unit>
		<Unit filename="../source/scriptlib/List_unittest.c">
			<Option compilerVar="CC" />
			<Option target="Release" />
		</Unit>
		<Unit filename="../source/scriptlib/Parser.c">
			<Option compilerVar="CC" />
			<Option target="Release" />
		</Unit>
		<Unit filename="../source/scriptlib/Parser.h">
			<Option target="Release" />
		</Unit>
		<Unit filename="../source/scriptlib/ParserSet.c">
			<Option compilerVar="CC" />
			<Option target="Release" />
		</Unit>
		<Unit filename="../source/scriptlib/ParserSet.h">
			<Option target="Release" />
		</Unit>
		<Unit filename="../source/scriptlib/Productions.h">
			<Option target="Release" />
		</Unit>
		<Unit filename="../source/scriptlib/ScriptVariant.c">
			<Option compilerVar="CC" />
			<Option target="Release" />
		</Unit>
		<Unit filename="../source/scriptlib/ScriptVariant.h">
			<Option target="Release" />
		</Unit>
		<Unit filename="../source/scriptlib/Stack.c">
			<Option compilerVar="CC" />
			<Option target="Release" />
		</Unit>
		<Unit filename="../source/scriptlib/Stack.h">
			<Option target="Release" />
		</Unit>
		<Unit filename="../source/scriptlib/StackedSymbolTable.c">
			<Option compilerVar="CC" />
			<Option target="Release" />
		</Unit>
		<Unit filename="../source/scriptlib/StackedSymbolTable.h">
			<Option target="Release" />
		</Unit>
		<Unit filename="../source/scriptlib/SymbolTable.c">
			<Option compilerVar="CC" />
			<Option target="Release" />
		</Unit>
		<Unit filename="../source/scriptlib/SymbolTable.h">
			<Option target="Release" />
		</Unit>
		<Unit filename="../source/scriptlib/depends.h">
			<Option target="Release" />
		</Unit>
		<Unit filename="../source/stringptr.c">
			<Option compilerVar="CC" />
			<Option target="Release" />
		</Unit>
		<Unit filename="../source/stringptr.h">
			<Option target="Release" />
		</Unit>
		<Unit filename="../source/stristr.c">
			<Option compilerVar="CC" />
			<Option target="Release" />
		</Unit>
		<Unit filename="../source/stristr.h">
			<Option target="Release" />
		</Unit>
		<Unit filename="../source/tracelib2/tracelib2.c">
			<Option compilerVar="CC" />
			<Option target="Release" />
		</Unit>
		<Unit filename="../source/tracelib2/tracelib2.h">
			<Option target="Release" />
		</Unit>
		<Unit filename="../source/tracelib2/tracelib2_test.c">
			<Option compilerVar="CC" />
			<Option target="Release" />
		</Unit>
		<Unit filename="../source/utils.c">
			<Option compilerVar="CC" />
			<Option target="Release" />
		</Unit>
		<Unit filename="../source/utils.h">
			<Option target="Release" />
		</Unit>
		<Unit filename="../source/webmlib/halloc/align.h">
			<Option target="Release" />
		</Unit>
		<Unit filename="../source/webmlib/halloc/halloc.c">
			<Option compilerVar="CC" />
			<Option target="Release" />
		</Unit>
		<Unit filename="../source/webmlib/halloc/halloc.h">
			<Option target="Release" />
		</Unit>
		<Unit filename="../source/webmlib/halloc/hlist.h">
			<Option target="Release" />
		</Unit>
		<Unit filename="../source/webmlib/halloc/macros.h">
			<Option target="Release" />
		</Unit>
		<Unit filename="../source/webmlib/nestegg/nestegg.c">
			<Option compilerVar="CC" />
			<Option target="Release" />
		</Unit>
		<Unit filename="../source/webmlib/nestegg/nestegg.h">
			<Option target="Release" />
		</Unit>
		<Unit filename="../source/webmlib/samplecvt.c">
			<Option compilerVar="CC" />
			<Option target="Release" />
		</Unit>
		<Unit filename="../source/webmlib/samplecvt.h">
			<Option target="Release" />
		</Unit>
		<Unit filename="../source/webmlib/vidplay.c">
			<Option compilerVar="CC" />
			<Option target="Release" />
		</Unit>
		<Unit filename="../source/webmlib/vidplay.h">
			<Option target="Release" />
		</Unit>
		<Unit filename="../source/webmlib/vorbis.c">
			<Option compilerVar="CC" />
			<Option target="Release" />
		</Unit>
		<Unit filename="../source/webmlib/vorbis.h">
			<Option target="Release" />
		</Unit>
		<Unit filename="../source/webmlib/vorbisfpu.h">
			<Option target="Release" />
		</Unit>
		<Unit filename="../source/webmlib/yuv.c">
			<Option compilerVar="CC" />
			<Option target="Release" />
		</Unit>
		<Unit filename="../source/webmlib/yuv.h">
			<Option target="Release" />
		</Unit>
		<Unit filename="../symbian/symbian.cpp">
			<Option target="Release" />
		</Unit>
		<Unit filename="../symbian/vsnprintf.h">
			<Option target="Release" />
		</Unit>
		<Unit filename="../version.h">
			<Option target="Release" />
		</Unit>
		<Unit filename="../vita/control.c">
			<Option compilerVar="CC" />
			<Option target="Release" />
		</Unit>
		<Unit filename="../vita/control.h">
			<Option target="Release" />
		</Unit>
		<Unit filename="../vita/hankaku.h">
			<Option target="Release" />
		</Unit>
		<Unit filename="../vita/menu.c">
			<Option compilerVar="CC" />
			<Option target="Release" />
		</Unit>
		<Unit filename="../vita/menu.h">
			<Option target="Release" />
		</Unit>
		<Unit filename="../vita/sblaster.c">
			<Option compilerVar="CC" />
			<Option target="Release" />
		</Unit>
		<Unit filename="../vita/sblaster.h">
			<Option target="Release" />
		</Unit>
		<Unit filename="../vita/timer.c">
			<Option compilerVar="CC" />
			<Option target="Release" />
		</Unit>
		<Unit filename="../vita/video.c">
			<Option compilerVar="CC" />
			<Option target="Release" />
		</Unit>
		<Unit filename="../vita/video.h">
			<Option target="Release" />
		</Unit>
		<Unit filename="../vita/vitaport.c">
			<Option compilerVar="CC" />
			<Option target="Release" />
		</Unit>
		<Unit filename="../vita/vitaport.h">
			<Option target="Release" />
		</Unit>
		<Unit filename="../wii/control.c">
			<Option compilerVar="CC" />
			<Option target="Release" />
		</Unit>
		<Unit filename="../wii/control.h">
			<Option target="Release" />
		</Unit>
		<Unit filename="../wii/hankaku.h">
			<Option target="Release" />
		</Unit>
		<Unit filename="../wii/menu.c">
			<Option compilerVar="CC" />
			<Option target="Release" />
		</Unit>
		<Unit filename="../wii/menu.h">
			<Option target="Release" />
		</Unit>
		<Unit filename="../wii/sblaster.c">
			<Option compilerVar="CC" />
			<Option target="Release" />
		</Unit>
		<Unit filename="../wii/sblaster.h">
			<Option target="Release" />
		</Unit>
		<Unit filename="../wii/threads.c">
			<Option compilerVar="CC" />
			<Option target="Release" />
		</Unit>
		<Unit filename="../wii/timer.c">
			<Option compilerVar="CC" />
			<Option target="Release" />
		</Unit>
		<Unit filename="../wii/video.c">
			<Option compilerVar="CC" />
			<Option target="Release" />
		</Unit>
		<Unit filename="../wii/video.h">
			<Option target="Release" />
		</Unit>
		<Unit filename="../wii/wiiport.c">
			<Option compilerVar="CC" />
			<Option target="Release" />
		</Unit>
		<Unit filename="../wii/wiiport.h">
			<Option target="Release" />
		</Unit>
		<Unit filename="../xbox/common/include/png.h">
			<Option target="Release" />
		</Unit>
		<Unit filename="../xbox/common/include/pngconf.h">
			<Option target="Release" />
		</Unit>
		<Unit filename="../xbox/common/include/xbapp.h">
			<Option target="Release" />
		</Unit>
		<Unit filename="../xbox/common/include/xbfont.h">
			<Option target="Release" />
		</Unit>
		<Unit filename="../xbox/common/include/xbhelp.h">
			<Option target="Release" />
		</Unit>
		<Unit filename="../xbox/common/include/xbinput.h">
			<Option target="Release" />
		</Unit>
		<Unit filename="../xbox/common/include/xbmesh.h">
			<Option target="Release" />
		</Unit>
		<Unit filename="../xbox/common/include/xbresource.h">
			<Option target="Release" />
		</Unit>
		<Unit filename="../xbox/common/include/xbsound.h">
			<Option target="Release" />
		</Unit>
		<Unit filename="../xbox/common/include/xbstopwatch.h">
			<Option target="Release" />
		</Unit>
		<Unit filename="../xbox/common/include/xbutil.h">
			<Option target="Release" />
		</Unit>
		<Unit filename="../xbox/common/include/zconf.h">
			<Option target="Release" />
		</Unit>
		<Unit filename="../xbox/common/include/zlib.h">
			<Option target="Release" />
		</Unit>
		<Unit filename="../xbox/common/src/xbapp.cpp">
			<Option target="Release" />
		</Unit>
		<Unit filename="../xbox/common/src/xbfont.cpp">
			<Option target="Release" />
		</Unit>
		<Unit filename="../xbox/common/src/xbhelp.cpp">
			<Option target="Release" />
		</Unit>
		<Unit filename="../xbox/common/src/xbinput.cpp">
			<Option target="Release" />
		</Unit>
		<Unit filename="../xbox/common/src/xbmesh.cpp">
			<Option target="Release" />
		</Unit>
		<Unit filename="../xbox/common/src/xbresource.cpp">
			<Option target="Release" />
		</Unit>
		<Unit filename="../xbox/common/src/xbsound.cpp">
			<Option target="Release" />
		</Unit>
		<Unit filename="../xbox/common/src/xbstopwatch.cpp">
			<Option target="Release" />
		</Unit>
		<Unit filename="../xbox/common/src/xbutil.cpp">
			<Option target="Release" />
		</Unit>
		<Unit filename="../xbox/control.c">
			<Option compilerVar="CC" />
			<Option target="Release" />
		</Unit>
		<Unit filename="../xbox/control.h">
			<Option target="Release" />
		</Unit>
		<Unit filename="../xbox/generic/2xsaiwin.c">
			<Option compilerVar="CC" />
			<Option target="Release" />
		</Unit>
		<Unit filename="../xbox/generic/2xsaiwin.h">
			<Option target="Release" />
		</Unit>
		<Unit filename="../xbox/generic/SndXBOX.cxx">
			<Option target="Release" />
		</Unit>
		<Unit filename="../xbox/generic/SndXBOX.hxx">
			<Option target="Release" />
		</Unit>
		<Unit filename="../xbox/generic/configuration.h">
			<Option target="Release" />
		</Unit>
		<Unit filename="../xbox/generic/custom_launch_params.cpp">
			<Option target="Release" />
		</Unit>
		<Unit filename="../xbox/generic/custom_launch_params.h">
			<Option target="Release" />
		</Unit>
		<Unit filename="../xbox/generic/gamescreen.h">
			<Option target="Release" />
		</Unit>
		<Unit filename="../xbox/generic/graphicscontext.cpp">
			<Option target="Release" />
		</Unit>
		<Unit filename="../xbox/generic/graphicscontext.h">
			<Option target="Release" />
		</Unit>
		<Unit filename="../xbox/generic/iosupport.cpp">
			<Option target="Release" />
		</Unit>
		<Unit filename="../xbox/generic/iosupport.h">
			<Option target="Release" />
		</Unit>
		<Unit filename="../xbox/generic/keyboard_api.h">
			<Option target="Release" />
		</Unit>
		<Unit filename="../xbox/generic/panel.cpp">
			<Option target="Release" />
		</Unit>
		<Unit filename="../xbox/generic/panel.h">
			<Option target="Release" />
		</Unit>
		<Unit filename="../xbox/generic/scale2x.cpp">
			<Option target="Release" />
		</Unit>
		<Unit filename="../xbox/generic/simple2x.cpp">
			<Option target="Release" />
		</Unit>
		<Unit filename="../xbox/generic/skin.cpp">
			<Option target="Release" />
		</Unit>
		<Unit filename="../xbox/generic/skin.h">
			<Option target="Release" />
		</Unit>
		<Unit filename="../xbox/generic/undocumented.h">
			<Option target="Release" />
		</Unit>
		<Unit filename="../xbox/generic/wnaspi32.h">
			<Option target="Release" />
		</Unit>
		<Unit filename="../xbox/generic/xboxport.cpp">
			<Option target="Release" />
		</Unit>
		<Unit filename="../xbox/generic/xboxport.h">
			<Option target="Release" />
		</Unit>
		<Unit filename="../xbox/generic/xmldocument.cpp">
			<Option target="Release" />
		</Unit>
		<Unit filename="../xbox/generic/xmldocument.h">
			<Option target="Release" />
		</Unit>
		<Unit filename="../xbox/sblaster.c">
			<Option compilerVar="CC" />
			<Option target="Release" />
		</Unit>
		<Unit filename="../xbox/sblaster.h">
			<Option target="Release" />
		</Unit>
		<Unit filename="../xbox/timer.c">
			<Option compilerVar="CC" />
			<Option target="Release" />
		</Unit>
		<Unit filename="../xbox/vga.h">
			<Option target="Release" />
		</Unit>
		<Unit filename="../xbox/video.c">
			<Option compilerVar="CC" />
			<Option target="Release" />
		</Unit>
		<Unit filename="../xbox/video.h">
			<Option target="Release" />
		</Unit>
		<Extensions>
			<code_completion />
			<debugger />
			<envvars set="openbor" />
		</Extensions>
	</Project>
</CodeBlocks_project_file>
