<?xml version="1.0" encoding="UTF-8" standalone="yes" ?>
<CodeBlocks_project_file>
	<FileVersion major="1" minor="6" />
	<Project>
		<Option title="OpenBOR" />
		<Option makefile_is_custom="1" />
		<Option execution_dir="../../engine" />
		<Option pch_mode="2" />
		<Option compiler="gcc" />
		<Build>
			<Target title="Debug">
				<Option output="../OpenBOR" prefix_auto="1" extension_auto="1" />
				<Option object_output="obj/Debug/" />
				<Option type="1" />
				<Option compiler="gcc" />
				<Compiler>
					<Add option="-g" />
				</Compiler>
				<Environment>
					<Variable name="platform" value="BUILD_WIN=$(release)" />
					<Variable name="release" value="0" />
				</Environment>
				<MakeCommands>
					<Build command="..\tools\bin\make $platform" />
					<CompileFile command="..\tools\bin\make $platform $file" />
					<Clean command="..\tools\bin\make $platform clean" />
					<DistClean command="$make -f $makefile distclean$target" />
					<AskRebuildNeeded command="..\tools\bin\make -q $platform" />
					<SilentBuild command="..\tools\bin\make -s $platform" />
				</MakeCommands>
			</Target>
			<Target title="Release">
				<Option output="../OpenBOR" prefix_auto="1" extension_auto="1" />
				<Option object_output="obj/Release/" />
				<Option type="1" />
				<Option compiler="gcc" />
				<Compiler>
					<Add option="-O2" />
				</Compiler>
				<Linker>
					<Add option="-s" />
				</Linker>
				<Environment>
					<Variable name="platform" value="BUILD_WIN=$(release)" />
					<Variable name="release" value="1" />
				</Environment>
				<MakeCommands>
					<Build command="..\tools\bin\make $platform" />
					<CompileFile command="..\tools\bin\make $platform $file" />
					<Clean command="..\tools\bin\make $platform clean" />
					<DistClean command="$make -f $makefile distclean$target" />
					<AskRebuildNeeded command="..\tools\bin\make -q $platform" />
					<SilentBuild command="..\tools\bin\make -s $platform" />
				</MakeCommands>
			</Target>
		</Build>
		<Compiler>
			<Add option="-Wall" />
		</Compiler>
		<Unit filename="../android/jni/openbor/SDL_android_main.cpp" />
		<Unit filename="../android/jni/openbor/button_png_800x480.h" />
		<Unit filename="../android/jni/openbor/include/ogg/config_types.h" />
		<Unit filename="../android/jni/openbor/include/ogg/ogg.h" />
		<Unit filename="../android/jni/openbor/include/ogg/os_types.h" />
		<Unit filename="../android/jni/openbor/include/png/png.h" />
		<Unit filename="../android/jni/openbor/include/png/pngconf.h" />
		<Unit filename="../android/jni/openbor/include/png/pnglibconf.h" />
		<Unit filename="../android/jni/openbor/include/sdl/SDL.h" />
		<Unit filename="../android/jni/openbor/include/sdl/SDL_assert.h" />
		<Unit filename="../android/jni/openbor/include/sdl/SDL_atomic.h" />
		<Unit filename="../android/jni/openbor/include/sdl/SDL_audio.h" />
		<Unit filename="../android/jni/openbor/include/sdl/SDL_bits.h" />
		<Unit filename="../android/jni/openbor/include/sdl/SDL_blendmode.h" />
		<Unit filename="../android/jni/openbor/include/sdl/SDL_clipboard.h" />
		<Unit filename="../android/jni/openbor/include/sdl/SDL_config.h" />
		<Unit filename="../android/jni/openbor/include/sdl/SDL_config_android.h" />
		<Unit filename="../android/jni/openbor/include/sdl/SDL_config_iphoneos.h" />
		<Unit filename="../android/jni/openbor/include/sdl/SDL_config_macosx.h" />
		<Unit filename="../android/jni/openbor/include/sdl/SDL_config_minimal.h" />
		<Unit filename="../android/jni/openbor/include/sdl/SDL_config_pandora.h" />
		<Unit filename="../android/jni/openbor/include/sdl/SDL_config_psp.h" />
		<Unit filename="../android/jni/openbor/include/sdl/SDL_config_windows.h" />
		<Unit filename="../android/jni/openbor/include/sdl/SDL_config_winrt.h" />
		<Unit filename="../android/jni/openbor/include/sdl/SDL_config_wiz.h" />
		<Unit filename="../android/jni/openbor/include/sdl/SDL_copying.h" />
		<Unit filename="../android/jni/openbor/include/sdl/SDL_cpuinfo.h" />
		<Unit filename="../android/jni/openbor/include/sdl/SDL_egl.h" />
		<Unit filename="../android/jni/openbor/include/sdl/SDL_endian.h" />
		<Unit filename="../android/jni/openbor/include/sdl/SDL_error.h" />
		<Unit filename="../android/jni/openbor/include/sdl/SDL_events.h" />
		<Unit filename="../android/jni/openbor/include/sdl/SDL_filesystem.h" />
		<Unit filename="../android/jni/openbor/include/sdl/SDL_gamecontroller.h" />
		<Unit filename="../android/jni/openbor/include/sdl/SDL_gesture.h" />
		<Unit filename="../android/jni/openbor/include/sdl/SDL_haptic.h" />
		<Unit filename="../android/jni/openbor/include/sdl/SDL_hints.h" />
		<Unit filename="../android/jni/openbor/include/sdl/SDL_joystick.h" />
		<Unit filename="../android/jni/openbor/include/sdl/SDL_keyboard.h" />
		<Unit filename="../android/jni/openbor/include/sdl/SDL_keycode.h" />
		<Unit filename="../android/jni/openbor/include/sdl/SDL_loadso.h" />
		<Unit filename="../android/jni/openbor/include/sdl/SDL_log.h" />
		<Unit filename="../android/jni/openbor/include/sdl/SDL_main.h" />
		<Unit filename="../android/jni/openbor/include/sdl/SDL_messagebox.h" />
		<Unit filename="../android/jni/openbor/include/sdl/SDL_mouse.h" />
		<Unit filename="../android/jni/openbor/include/sdl/SDL_mutex.h" />
		<Unit filename="../android/jni/openbor/include/sdl/SDL_name.h" />
		<Unit filename="../android/jni/openbor/include/sdl/SDL_opengl.h" />
		<Unit filename="../android/jni/openbor/include/sdl/SDL_opengl_glext.h" />
		<Unit filename="../android/jni/openbor/include/sdl/SDL_opengles.h" />
		<Unit filename="../android/jni/openbor/include/sdl/SDL_opengles2.h" />
		<Unit filename="../android/jni/openbor/include/sdl/SDL_opengles2_gl2.h" />
		<Unit filename="../android/jni/openbor/include/sdl/SDL_opengles2_gl2ext.h" />
		<Unit filename="../android/jni/openbor/include/sdl/SDL_opengles2_gl2platform.h" />
		<Unit filename="../android/jni/openbor/include/sdl/SDL_opengles2_khrplatform.h" />
		<Unit filename="../android/jni/openbor/include/sdl/SDL_pixels.h" />
		<Unit filename="../android/jni/openbor/include/sdl/SDL_platform.h" />
		<Unit filename="../android/jni/openbor/include/sdl/SDL_power.h" />
		<Unit filename="../android/jni/openbor/include/sdl/SDL_quit.h" />
		<Unit filename="../android/jni/openbor/include/sdl/SDL_rect.h" />
		<Unit filename="../android/jni/openbor/include/sdl/SDL_render.h" />
		<Unit filename="../android/jni/openbor/include/sdl/SDL_revision.h" />
		<Unit filename="../android/jni/openbor/include/sdl/SDL_rwops.h" />
		<Unit filename="../android/jni/openbor/include/sdl/SDL_scancode.h" />
		<Unit filename="../android/jni/openbor/include/sdl/SDL_shape.h" />
		<Unit filename="../android/jni/openbor/include/sdl/SDL_stdinc.h" />
		<Unit filename="../android/jni/openbor/include/sdl/SDL_surface.h" />
		<Unit filename="../android/jni/openbor/include/sdl/SDL_system.h" />
		<Unit filename="../android/jni/openbor/include/sdl/SDL_syswm.h" />
		<Unit filename="../android/jni/openbor/include/sdl/SDL_test.h" />
		<Unit filename="../android/jni/openbor/include/sdl/SDL_test_assert.h" />
		<Unit filename="../android/jni/openbor/include/sdl/SDL_test_common.h" />
		<Unit filename="../android/jni/openbor/include/sdl/SDL_test_compare.h" />
		<Unit filename="../android/jni/openbor/include/sdl/SDL_test_crc32.h" />
		<Unit filename="../android/jni/openbor/include/sdl/SDL_test_font.h" />
		<Unit filename="../android/jni/openbor/include/sdl/SDL_test_fuzzer.h" />
		<Unit filename="../android/jni/openbor/include/sdl/SDL_test_harness.h" />
		<Unit filename="../android/jni/openbor/include/sdl/SDL_test_images.h" />
		<Unit filename="../android/jni/openbor/include/sdl/SDL_test_log.h" />
		<Unit filename="../android/jni/openbor/include/sdl/SDL_test_md5.h" />
		<Unit filename="../android/jni/openbor/include/sdl/SDL_test_memory.h" />
		<Unit filename="../android/jni/openbor/include/sdl/SDL_test_random.h" />
		<Unit filename="../android/jni/openbor/include/sdl/SDL_thread.h" />
		<Unit filename="../android/jni/openbor/include/sdl/SDL_timer.h" />
		<Unit filename="../android/jni/openbor/include/sdl/SDL_touch.h" />
		<Unit filename="../android/jni/openbor/include/sdl/SDL_types.h" />
		<Unit filename="../android/jni/openbor/include/sdl/SDL_version.h" />
		<Unit filename="../android/jni/openbor/include/sdl/SDL_video.h" />
		<Unit filename="../android/jni/openbor/include/sdl/SDL_vulkan.h" />
		<Unit filename="../android/jni/openbor/include/sdl/begin_code.h" />
		<Unit filename="../android/jni/openbor/include/sdl/close_code.h" />
		<Unit filename="../android/jni/openbor/include/tremor/ivorbiscodec.h" />
		<Unit filename="../android/jni/openbor/include/tremor/ivorbisfile.h" />
		<Unit filename="../android/jni/openbor/include/vpx/svc_context.h" />
		<Unit filename="../android/jni/openbor/include/vpx/vp8.h" />
		<Unit filename="../android/jni/openbor/include/vpx/vp8cx.h" />
		<Unit filename="../android/jni/openbor/include/vpx/vp8dx.h" />
		<Unit filename="../android/jni/openbor/include/vpx/vpx_codec.h" />
		<Unit filename="../android/jni/openbor/include/vpx/vpx_decoder.h" />
		<Unit filename="../android/jni/openbor/include/vpx/vpx_encoder.h" />
		<Unit filename="../android/jni/openbor/include/vpx/vpx_frame_buffer.h" />
		<Unit filename="../android/jni/openbor/include/vpx/vpx_image.h" />
		<Unit filename="../android/jni/openbor/include/vpx/vpx_integer.h" />
		<Unit filename="../android/jni/openbor/jniutils.cpp" />
		<Unit filename="../android/jni/openbor/video.c">
			<Option compilerVar="CC" />
		</Unit>
		<Unit filename="../android/src/org/libsdl/app/SDL.java" />
		<Unit filename="../android/src/org/libsdl/app/SDLActivity.java" />
		<Unit filename="../android/src/org/libsdl/app/SDLAudioManager.java" />
		<Unit filename="../android/src/org/libsdl/app/SDLControllerManager.java" />
		<Unit filename="../dc/bios.h" />
		<Unit filename="../dc/bios.s" />
		<Unit filename="../dc/control.c">
			<Option compilerVar="CC" />
		</Unit>
		<Unit filename="../dc/control.h" />
		<Unit filename="../dc/dcport.c">
			<Option compilerVar="CC" />
		</Unit>
		<Unit filename="../dc/dcport.h" />
		<Unit filename="../dc/gdrom.c">
			<Option compilerVar="CC" />
		</Unit>
		<Unit filename="../dc/gdrom.h" />
		<Unit filename="../dc/sblaster.c">
			<Option compilerVar="CC" />
		</Unit>
		<Unit filename="../dc/sblaster.h" />
		<Unit filename="../dc/timer.c">
			<Option compilerVar="CC" />
		</Unit>
		<Unit filename="../dc/video.c">
			<Option compilerVar="CC" />
		</Unit>
		<Unit filename="../dc/video.h" />
		<Unit filename="../openbor.c">
			<Option compilerVar="CC" />
		</Unit>
		<Unit filename="../openbor.h" />
		<Unit filename="../openborscript.c">
			<Option compilerVar="CC" />
		</Unit>
		<Unit filename="../psp/audiodrv.c">
			<Option compilerVar="CC" />
		</Unit>
		<Unit filename="../psp/audiodrv.h" />
		<Unit filename="../psp/control.c">
			<Option compilerVar="CC" />
		</Unit>
		<Unit filename="../psp/control.h" />
		<Unit filename="../psp/control/control.S" />
		<Unit filename="../psp/control/control.h" />
		<Unit filename="../psp/control/main.c">
			<Option compilerVar="CC" />
		</Unit>
		<Unit filename="../psp/dvemgr/dvemgr.S" />
		<Unit filename="../psp/dvemgr/dvemgr.h" />
		<Unit filename="../psp/exception/exception_asm.S" />
		<Unit filename="../psp/exception/main.c">
			<Option compilerVar="CC" />
		</Unit>
		<Unit filename="../psp/graphics.c">
			<Option compilerVar="CC" />
		</Unit>
		<Unit filename="../psp/graphics.h" />
		<Unit filename="../psp/hankaku.c">
			<Option compilerVar="CC" />
		</Unit>
		<Unit filename="../psp/image.c">
			<Option compilerVar="CC" />
		</Unit>
		<Unit filename="../psp/image.h" />
		<Unit filename="../psp/kernel/kernel.S" />
		<Unit filename="../psp/kernel/kernel.h" />
		<Unit filename="../psp/kernel/main.c">
			<Option compilerVar="CC" />
		</Unit>
		<Unit filename="../psp/menu.c">
			<Option compilerVar="CC" />
		</Unit>
		<Unit filename="../psp/menu.h" />
		<Unit filename="../psp/netcomm.c">
			<Option compilerVar="CC" />
		</Unit>
		<Unit filename="../psp/netcomm.h" />
		<Unit filename="../psp/pspport.c">
			<Option compilerVar="CC" />
		</Unit>
		<Unit filename="../psp/pspport.h" />
		<Unit filename="../psp/sblaster.c">
			<Option compilerVar="CC" />
		</Unit>
		<Unit filename="../psp/sblaster.h" />
		<Unit filename="../psp/timer.c">
			<Option compilerVar="CC" />
		</Unit>
		<Unit filename="../psp/vertex.c">
			<Option compilerVar="CC" />
		</Unit>
		<Unit filename="../psp/vertex.h" />
		<Unit filename="../psp/video.c">
			<Option compilerVar="CC" />
		</Unit>
		<Unit filename="../psp/video.h" />
		<Unit filename="../resources/OpenBOR.res" />
		<Unit filename="../resources/OpenBOR_Icon_128x128.h" />
		<Unit filename="../resources/OpenBOR_Icon_128x128_png.h" />
		<Unit filename="../resources/OpenBOR_Icon_128x48_png.h" />
		<Unit filename="../resources/OpenBOR_Icon_144x80_png.h" />
		<Unit filename="../resources/OpenBOR_Icon_32x32.h" />
		<Unit filename="../resources/OpenBOR_Icon_32x32_png.h" />
		<Unit filename="../resources/OpenBOR_Logo_320x240.h" />
		<Unit filename="../resources/OpenBOR_Logo_320x240_Link.h" />
		<Unit filename="../resources/OpenBOR_Logo_320x240_Link_png.h" />
		<Unit filename="../resources/OpenBOR_Logo_320x240_png.h" />
		<Unit filename="../resources/OpenBOR_Logo_480x272.h" />
		<Unit filename="../resources/OpenBOR_Logo_480x272_Link.h" />
		<Unit filename="../resources/OpenBOR_Logo_480x272_Link_png.h" />
		<Unit filename="../resources/OpenBOR_Logo_480x272_png.h" />
		<Unit filename="../resources/OpenBOR_Menu_320x240.h" />
		<Unit filename="../resources/OpenBOR_Menu_320x240_Consoles_png.h" />
		<Unit filename="../resources/OpenBOR_Menu_320x240_Sony_png.h" />
		<Unit filename="../resources/OpenBOR_Menu_320x240_png.h" />
		<Unit filename="../resources/OpenBOR_Menu_480x272.h" />
		<Unit filename="../resources/OpenBOR_Menu_480x272_Consoles_png.h" />
		<Unit filename="../resources/OpenBOR_Menu_480x272_Sony_png.h" />
		<Unit filename="../resources/OpenBOR_Menu_480x272_png.h" />
		<Unit filename="../resources/logviewer_320x240_png.h" />
		<Unit filename="../resources/logviewer_480x272_png.h" />
		<Unit filename="../sdl/control.c">
			<Option compilerVar="CC" />
		</Unit>
		<Unit filename="../sdl/control.h" />
		<Unit filename="../sdl/gp2x/gp2xport.c">
			<Option compilerVar="CC" />
		</Unit>
		<Unit filename="../sdl/gp2x/gp2xport.h" />
		<Unit filename="../sdl/hankaku.h" />
		<Unit filename="../sdl/joysticks.c">
			<Option compilerVar="CC" />
		</Unit>
		<Unit filename="../sdl/joysticks.h" />
		<Unit filename="../sdl/loadgl.c">
			<Option compilerVar="CC" />
		</Unit>
		<Unit filename="../sdl/loadgl.h" />
		<Unit filename="../sdl/menu.c">
			<Option compilerVar="CC" />
		</Unit>
		<Unit filename="../sdl/menu.h" />
		<Unit filename="../sdl/opengl.c">
			<Option compilerVar="CC" />
		</Unit>
		<Unit filename="../sdl/opengl.h" />
		<Unit filename="../sdl/sblaster.c">
			<Option compilerVar="CC" />
		</Unit>
		<Unit filename="../sdl/sblaster.h" />
		<Unit filename="../sdl/sdlport.c">
			<Option compilerVar="CC" />
		</Unit>
		<Unit filename="../sdl/sdlport.h" />
		<Unit filename="../sdl/threads.c">
			<Option compilerVar="CC" />
		</Unit>
		<Unit filename="../sdl/timer.c">
			<Option compilerVar="CC" />
		</Unit>
		<Unit filename="../sdl/video.c">
			<Option compilerVar="CC" />
		</Unit>
		<Unit filename="../sdl/video.h" />
		<Unit filename="../sdl/videocommon.c">
			<Option compilerVar="CC" />
		</Unit>
		<Unit filename="../sdl/videocommon.h" />
		<Unit filename="../source/adpcmlib/adpcm.c">
			<Option compilerVar="CC" />
		</Unit>
		<Unit filename="../source/adpcmlib/adpcm.h" />
		<Unit filename="../source/gamelib/anigif.c">
			<Option compilerVar="CC" />
		</Unit>
		<Unit filename="../source/gamelib/anigif.h" />
		<Unit filename="../source/gamelib/bitmap.c">
			<Option compilerVar="CC" />
		</Unit>
		<Unit filename="../source/gamelib/bitmap.h" />
		<Unit filename="../source/gamelib/borendian.h" />
		<Unit filename="../source/gamelib/draw.c">
			<Option compilerVar="CC" />
		</Unit>
		<Unit filename="../source/gamelib/draw.h" />
		<Unit filename="../source/gamelib/draw16.c">
			<Option compilerVar="CC" />
		</Unit>
		<Unit filename="../source/gamelib/draw32.c">
			<Option compilerVar="CC" />
		</Unit>
		<Unit filename="../source/gamelib/filecache.c">
			<Option compilerVar="CC" />
		</Unit>
		<Unit filename="../source/gamelib/filecache.h" />
		<Unit filename="../source/gamelib/filters.c">
			<Option compilerVar="CC" />
		</Unit>
		<Unit filename="../source/gamelib/filters.h" />
		<Unit filename="../source/gamelib/font.c">
			<Option compilerVar="CC" />
		</Unit>
		<Unit filename="../source/gamelib/font.h" />
		<Unit filename="../source/gamelib/loadimg.c">
			<Option compilerVar="CC" />
		</Unit>
		<Unit filename="../source/gamelib/loadimg.h" />
		<Unit filename="../source/gamelib/models.c">
			<Option compilerVar="CC" />
		</Unit>
		<Unit filename="../source/gamelib/models.h" />
		<Unit filename="../source/gamelib/packfile.c">
			<Option compilerVar="CC" />
		</Unit>
		<Unit filename="../source/gamelib/packfile.h" />
		<Unit filename="../source/gamelib/palette.c">
			<Option compilerVar="CC" />
		</Unit>
		<Unit filename="../source/gamelib/palette.h" />
		<Unit filename="../source/gamelib/pixelformat.c">
			<Option compilerVar="CC" />
		</Unit>
		<Unit filename="../source/gamelib/screen.c">
			<Option compilerVar="CC" />
		</Unit>
		<Unit filename="../source/gamelib/screen.h" />
		<Unit filename="../source/gamelib/screen16.c">
			<Option compilerVar="CC" />
		</Unit>
		<Unit filename="../source/gamelib/screen32.c">
			<Option compilerVar="CC" />
		</Unit>
		<Unit filename="../source/gamelib/soundmix.c">
			<Option compilerVar="CC" />
		</Unit>
		<Unit filename="../source/gamelib/soundmix.h" />
		<Unit filename="../source/gamelib/sprite.c">
			<Option compilerVar="CC" />
		</Unit>
		<Unit filename="../source/gamelib/sprite.h" />
		<Unit filename="../source/gamelib/spriteq.c">
			<Option compilerVar="CC" />
		</Unit>
		<Unit filename="../source/gamelib/spriteq.h" />
		<Unit filename="../source/gamelib/spritex8p16.c">
			<Option compilerVar="CC" />
		</Unit>
		<Unit filename="../source/gamelib/spritex8p32.c">
			<Option compilerVar="CC" />
		</Unit>
		<Unit filename="../source/gamelib/threads.h" />
		<Unit filename="../source/gamelib/timer.h" />
		<Unit filename="../source/gamelib/transform.c">
			<Option compilerVar="CC" />
		</Unit>
		<Unit filename="../source/gamelib/transform.h" />
		<Unit filename="../source/gamelib/translation.c">
			<Option compilerVar="CC" />
		</Unit>
		<Unit filename="../source/gamelib/translation.h" />
		<Unit filename="../source/gamelib/types.h" />
		<Unit filename="../source/gamelib/vga.h" />
		<Unit filename="../source/gamelib/writepixel.h" />
		<Unit filename="../source/gfxlib/2xSaI.c">
			<Option compilerVar="CC" />
		</Unit>
		<Unit filename="../source/gfxlib/2xSaImmx.asm" />
		<Unit filename="../source/gfxlib/bilinear.c">
			<Option compilerVar="CC" />
		</Unit>
		<Unit filename="../source/gfxlib/bilinearmmx.asm" />
		<Unit filename="../source/gfxlib/dotmatrix.c">
			<Option compilerVar="CC" />
		</Unit>
		<Unit filename="../source/gfxlib/gfx.c">
			<Option compilerVar="CC" />
		</Unit>
		<Unit filename="../source/gfxlib/gfx.h" />
		<Unit filename="../source/gfxlib/gfxtypes.h" />
		<Unit filename="../source/gfxlib/hq2x.c">
			<Option compilerVar="CC" />
		</Unit>
		<Unit filename="../source/gfxlib/hq2x.h" />
		<Unit filename="../source/gfxlib/hq2x16mmx.asm" />
		<Unit filename="../source/gfxlib/interp.h" />
		<Unit filename="../source/gfxlib/lq2x.h" />
		<Unit filename="../source/gfxlib/scale2x.c">
			<Option compilerVar="CC" />
		</Unit>
		<Unit filename="../source/gfxlib/scanline.c">
			<Option compilerVar="CC" />
		</Unit>
		<Unit filename="../source/gfxlib/simple2x.c">
			<Option compilerVar="CC" />
		</Unit>
		<Unit filename="../source/gfxlib/tv2x.c">
			<Option compilerVar="CC" />
		</Unit>
		<Unit filename="../source/globals.h" />
		<Unit filename="../source/omath.c">
			<Option compilerVar="CC" />
		</Unit>
		<Unit filename="../source/omath.h" />
		<Unit filename="../source/openborscript/animation.c">
			<Option compilerVar="CC" />
		</Unit>
		<Unit filename="../source/openborscript/axis.c">
			<Option compilerVar="CC" />
		</Unit>
		<Unit filename="../source/openborscript/axis.h" />
		<Unit filename="../source/openborscript/binding.c">
			<Option compilerVar="CC" />
		</Unit>
		<Unit filename="../source/openborscript/binding.h" />
		<Unit filename="../source/openborscript/collision_attack.c">
			<Option compilerVar="CC" />
		</Unit>
		<Unit filename="../source/openborscript/collision_body.c">
			<Option compilerVar="CC" />
		</Unit>
		<Unit filename="../source/openborscript/collision_coordinates.c">
			<Option compilerVar="CC" />
		</Unit>
		<Unit filename="../source/openborscript/collision_entity.c">
			<Option compilerVar="CC" />
		</Unit>
		<Unit filename="../source/openborscript/commands.c">
			<Option compilerVar="CC" />
		</Unit>
		<Unit filename="../source/openborscript/commands.h" />
		<Unit filename="../source/openborscript/config.h" />
		<Unit filename="../source/openborscript/constants.c">
			<Option compilerVar="CC" />
		</Unit>
		<Unit filename="../source/openborscript/energy_status.c">
			<Option compilerVar="CC" />
		</Unit>
		<Unit filename="../source/openborscript/energy_status.h" />
		<Unit filename="../source/openborscript/entity.c">
			<Option compilerVar="CC" />
		</Unit>
		<Unit filename="../source/openborscript/entity.h" />
		<Unit filename="../source/openborscript/index.c">
			<Option compilerVar="CC" />
		</Unit>
		<Unit filename="../source/openborscript/layer.c">
			<Option compilerVar="CC" />
		</Unit>
		<Unit filename="../source/openborscript/level.c">
			<Option compilerVar="CC" />
		</Unit>
		<Unit filename="../source/openborscript/math.c">
			<Option compilerVar="CC" />
		</Unit>
		<Unit filename="../source/openborscript/scriptcommon.h" />
		<Unit filename="../source/openborscript/string.c">
			<Option compilerVar="CC" />
		</Unit>
		<Unit filename="../source/pnglib/pngdec.c">
			<Option compilerVar="CC" />
		</Unit>
		<Unit filename="../source/pnglib/pngdec.h" />
		<Unit filename="../source/pnglib/savepng.c">
			<Option compilerVar="CC" />
		</Unit>
		<Unit filename="../source/pnglib/savepng.h" />
		<Unit filename="../source/preprocessorlib/pp_expr.c">
			<Option compilerVar="CC" />
		</Unit>
		<Unit filename="../source/preprocessorlib/pp_expr.h" />
		<Unit filename="../source/preprocessorlib/pp_lexer.c">
			<Option compilerVar="CC" />
		</Unit>
		<Unit filename="../source/preprocessorlib/pp_lexer.h" />
		<Unit filename="../source/preprocessorlib/pp_parser.c">
			<Option compilerVar="CC" />
		</Unit>
		<Unit filename="../source/preprocessorlib/pp_parser.h" />
		<Unit filename="../source/preprocessorlib/test/calculator.c">
			<Option compilerVar="CC" />
		</Unit>
		<Unit filename="../source/preprocessorlib/test/infixparser.c">
			<Option compilerVar="CC" />
		</Unit>
		<Unit filename="../source/preprocessorlib/test/pp_test.c">
			<Option compilerVar="CC" />
		</Unit>
		<Unit filename="../source/preprocessorlib/test/tmp.c">
			<Option compilerVar="CC" />
		</Unit>
		<Unit filename="../source/preprocessorlib/test/tokendiff.c">
			<Option compilerVar="CC" />
		</Unit>
		<Unit filename="../source/ramlib/ram.c">
			<Option compilerVar="CC" />
		</Unit>
		<Unit filename="../source/ramlib/ram.h" />
		<Unit filename="../source/randlib/rand32.c">
			<Option compilerVar="CC" />
		</Unit>
		<Unit filename="../source/randlib/rand32.h" />
		<Unit filename="../source/safealloc.h" />
		<Unit filename="../source/savedata.h" />
		<Unit filename="../source/scriptlib/FirstFollow.h" />
		<Unit filename="../source/scriptlib/ImportCache.c">
			<Option compilerVar="CC" />
		</Unit>
		<Unit filename="../source/scriptlib/ImportCache.h" />
		<Unit filename="../source/scriptlib/Instruction.c">
			<Option compilerVar="CC" />
		</Unit>
		<Unit filename="../source/scriptlib/Instruction.h" />
		<Unit filename="../source/scriptlib/Interpreter.c">
			<Option compilerVar="CC" />
		</Unit>
		<Unit filename="../source/scriptlib/Interpreter.h" />
		<Unit filename="../source/scriptlib/Lexer.c">
			<Option compilerVar="CC" />
		</Unit>
		<Unit filename="../source/scriptlib/Lexer.h" />
		<Unit filename="../source/scriptlib/List.c">
			<Option compilerVar="CC" />
		</Unit>
		<Unit filename="../source/scriptlib/List.h" />
		<Unit filename="../source/scriptlib/List_unittest.c">
			<Option compilerVar="CC" />
		</Unit>
		<Unit filename="../source/scriptlib/Parser.c">
			<Option compilerVar="CC" />
		</Unit>
		<Unit filename="../source/scriptlib/Parser.h" />
		<Unit filename="../source/scriptlib/ParserSet.c">
			<Option compilerVar="CC" />
		</Unit>
		<Unit filename="../source/scriptlib/ParserSet.h" />
		<Unit filename="../source/scriptlib/Productions.h" />
		<Unit filename="../source/scriptlib/ScriptVariant.c">
			<Option compilerVar="CC" />
		</Unit>
		<Unit filename="../source/scriptlib/ScriptVariant.h" />
		<Unit filename="../source/scriptlib/Stack.c">
			<Option compilerVar="CC" />
		</Unit>
		<Unit filename="../source/scriptlib/Stack.h" />
		<Unit filename="../source/scriptlib/StackedSymbolTable.c">
			<Option compilerVar="CC" />
		</Unit>
		<Unit filename="../source/scriptlib/StackedSymbolTable.h" />
		<Unit filename="../source/scriptlib/SymbolTable.c">
			<Option compilerVar="CC" />
		</Unit>
		<Unit filename="../source/scriptlib/SymbolTable.h" />
		<Unit filename="../source/scriptlib/depends.h" />
		<Unit filename="../source/stringptr.c">
			<Option compilerVar="CC" />
		</Unit>
		<Unit filename="../source/stringptr.h" />
		<Unit filename="../source/stristr.c">
			<Option compilerVar="CC" />
		</Unit>
		<Unit filename="../source/stristr.h" />
		<Unit filename="../source/tracelib2/tracelib2.c">
			<Option compilerVar="CC" />
		</Unit>
		<Unit filename="../source/tracelib2/tracelib2.h" />
		<Unit filename="../source/tracelib2/tracelib2_test.c">
			<Option compilerVar="CC" />
		</Unit>
		<Unit filename="../source/utils.c">
			<Option compilerVar="CC" />
		</Unit>
		<Unit filename="../source/utils.h" />
		<Unit filename="../source/webmlib/halloc/align.h" />
		<Unit filename="../source/webmlib/halloc/halloc.c">
			<Option compilerVar="CC" />
		</Unit>
		<Unit filename="../source/webmlib/halloc/halloc.h" />
		<Unit filename="../source/webmlib/halloc/hlist.h" />
		<Unit filename="../source/webmlib/halloc/macros.h" />
		<Unit filename="../source/webmlib/nestegg/nestegg.c">
			<Option compilerVar="CC" />
		</Unit>
		<Unit filename="../source/webmlib/nestegg/nestegg.h" />
		<Unit filename="../source/webmlib/samplecvt.c">
			<Option compilerVar="CC" />
		</Unit>
		<Unit filename="../source/webmlib/samplecvt.h" />
		<Unit filename="../source/webmlib/vidplay.c">
			<Option compilerVar="CC" />
		</Unit>
		<Unit filename="../source/webmlib/vidplay.h" />
		<Unit filename="../source/webmlib/vorbis.c">
			<Option compilerVar="CC" />
		</Unit>
		<Unit filename="../source/webmlib/vorbis.h" />
		<Unit filename="../source/webmlib/vorbisfpu.h" />
		<Unit filename="../source/webmlib/yuv.c">
			<Option compilerVar="CC" />
		</Unit>
		<Unit filename="../source/webmlib/yuv.h" />
		<Unit filename="../symbian/symbian.cpp" />
		<Unit filename="../symbian/vsnprintf.h" />
		<Unit filename="../version.h" />
		<Unit filename="../vita/control.c">
			<Option compilerVar="CC" />
		</Unit>
		<Unit filename="../vita/control.h" />
		<Unit filename="../vita/hankaku.h" />
		<Unit filename="../vita/menu.c">
			<Option compilerVar="CC" />
		</Unit>
		<Unit filename="../vita/menu.h" />
		<Unit filename="../vita/sblaster.c">
			<Option compilerVar="CC" />
		</Unit>
		<Unit filename="../vita/sblaster.h" />
		<Unit filename="../vita/timer.c">
			<Option compilerVar="CC" />
		</Unit>
		<Unit filename="../vita/video.c">
			<Option compilerVar="CC" />
		</Unit>
		<Unit filename="../vita/video.h" />
		<Unit filename="../vita/vitaport.c">
			<Option compilerVar="CC" />
		</Unit>
		<Unit filename="../vita/vitaport.h" />
		<Unit filename="../wii/control.c">
			<Option compilerVar="CC" />
		</Unit>
		<Unit filename="../wii/control.h" />
		<Unit filename="../wii/hankaku.h" />
		<Unit filename="../wii/menu.c">
			<Option compilerVar="CC" />
		</Unit>
		<Unit filename="../wii/menu.h" />
		<Unit filename="../wii/sblaster.c">
			<Option compilerVar="CC" />
		</Unit>
		<Unit filename="../wii/sblaster.h" />
		<Unit filename="../wii/threads.c">
			<Option compilerVar="CC" />
		</Unit>
		<Unit filename="../wii/timer.c">
			<Option compilerVar="CC" />
		</Unit>
		<Unit filename="../wii/video.c">
			<Option compilerVar="CC" />
		</Unit>
		<Unit filename="../wii/video.h" />
		<Unit filename="../wii/wiiport.c">
			<Option compilerVar="CC" />
		</Unit>
		<Unit filename="../wii/wiiport.h" />
		<Unit filename="../xbox/common/include/png.h" />
		<Unit filename="../xbox/common/include/pngconf.h" />
		<Unit filename="../xbox/common/include/xbapp.h" />
		<Unit filename="../xbox/common/include/xbfont.h" />
		<Unit filename="../xbox/common/include/xbhelp.h" />
		<Unit filename="../xbox/common/include/xbinput.h" />
		<Unit filename="../xbox/common/include/xbmesh.h" />
		<Unit filename="../xbox/common/include/xbresource.h" />
		<Unit filename="../xbox/common/include/xbsound.h" />
		<Unit filename="../xbox/common/include/xbstopwatch.h" />
		<Unit filename="../xbox/common/include/xbutil.h" />
		<Unit filename="../xbox/common/include/zconf.h" />
		<Unit filename="../xbox/common/include/zlib.h" />
		<Unit filename="../xbox/common/src/xbapp.cpp" />
		<Unit filename="../xbox/common/src/xbfont.cpp" />
		<Unit filename="../xbox/common/src/xbhelp.cpp" />
		<Unit filename="../xbox/common/src/xbinput.cpp" />
		<Unit filename="../xbox/common/src/xbmesh.cpp" />
		<Unit filename="../xbox/common/src/xbresource.cpp" />
		<Unit filename="../xbox/common/src/xbsound.cpp" />
		<Unit filename="../xbox/common/src/xbstopwatch.cpp" />
		<Unit filename="../xbox/common/src/xbutil.cpp" />
		<Unit filename="../xbox/control.c">
			<Option compilerVar="CC" />
		</Unit>
		<Unit filename="../xbox/control.h" />
		<Unit filename="../xbox/generic/2xsaiwin.c">
			<Option compilerVar="CC" />
		</Unit>
		<Unit filename="../xbox/generic/2xsaiwin.h" />
		<Unit filename="../xbox/generic/SndXBOX.cxx" />
		<Unit filename="../xbox/generic/SndXBOX.hxx" />
		<Unit filename="../xbox/generic/configuration.h" />
		<Unit filename="../xbox/generic/custom_launch_params.cpp" />
		<Unit filename="../xbox/generic/custom_launch_params.h" />
		<Unit filename="../xbox/generic/gamescreen.h" />
		<Unit filename="../xbox/generic/graphicscontext.cpp" />
		<Unit filename="../xbox/generic/graphicscontext.h" />
		<Unit filename="../xbox/generic/iosupport.cpp" />
		<Unit filename="../xbox/generic/iosupport.h" />
		<Unit filename="../xbox/generic/keyboard_api.h" />
		<Unit filename="../xbox/generic/panel.cpp" />
		<Unit filename="../xbox/generic/panel.h" />
		<Unit filename="../xbox/generic/scale2x.cpp" />
		<Unit filename="../xbox/generic/simple2x.cpp" />
		<Unit filename="../xbox/generic/skin.cpp" />
		<Unit filename="../xbox/generic/skin.h" />
		<Unit filename="../xbox/generic/undocumented.h" />
		<Unit filename="../xbox/generic/wnaspi32.h" />
		<Unit filename="../xbox/generic/xboxport.cpp" />
		<Unit filename="../xbox/generic/xboxport.h" />
		<Unit filename="../xbox/generic/xmldocument.cpp" />
		<Unit filename="../xbox/generic/xmldocument.h" />
		<Unit filename="../xbox/sblaster.c">
			<Option compilerVar="CC" />
		</Unit>
		<Unit filename="../xbox/sblaster.h" />
		<Unit filename="../xbox/timer.c">
			<Option compilerVar="CC" />
		</Unit>
		<Unit filename="../xbox/vga.h" />
		<Unit filename="../xbox/video.c">
			<Option compilerVar="CC" />
		</Unit>
		<Unit filename="../xbox/video.h" />
		<Extensions>
			<code_completion />
			<debugger />
			<envvars set="openbor" />
		</Extensions>
	</Project>
</CodeBlocks_project_file>
